// !$*UTF8*$!
{
	archiveVersion = 1;
	classes = {
	};
	objectVersion = 51;
	objects = {

/* Begin PBXBuildFile section */
		4E006793243307C0004B1C3F /* PharmacyOrderVC.swift in Sources */ = {isa = PBXBuildFile; fileRef = 4E006792243307C0004B1C3F /* PharmacyOrderVC.swift */; };
		4E006795243307F1004B1C3F /* CustomPharmacyOrderView.swift in Sources */ = {isa = PBXBuildFile; fileRef = 4E006794243307F1004B1C3F /* CustomPharmacyOrderView.swift */; };
		4E0067972433110B004B1C3F /* CustomRequestMedicineView.swift in Sources */ = {isa = PBXBuildFile; fileRef = 4E0067962433110B004B1C3F /* CustomRequestMedicineView.swift */; };
		4E00679924331315004B1C3F /* AddMedicineCollectionVC.swift in Sources */ = {isa = PBXBuildFile; fileRef = 4E00679824331315004B1C3F /* AddMedicineCollectionVC.swift */; };
		4E00679B243313F8004B1C3F /* AddMedicineCell.swift in Sources */ = {isa = PBXBuildFile; fileRef = 4E00679A243313F8004B1C3F /* AddMedicineCell.swift */; };
		4E04C87C243230F800D1AD1C /* PharmacyLocationVC .swift in Sources */ = {isa = PBXBuildFile; fileRef = 4E04C87B243230F800D1AD1C /* PharmacyLocationVC .swift */; };
		4E04C8802432315300D1AD1C /* CustomPharmacyLocationView.swift in Sources */ = {isa = PBXBuildFile; fileRef = 4E04C87F2432315300D1AD1C /* CustomPharmacyLocationView.swift */; };
		4E04C882243235BE00D1AD1C /* CustomPaddingTextField.swift in Sources */ = {isa = PBXBuildFile; fileRef = 4E04C881243235BE00D1AD1C /* CustomPaddingTextField.swift */; };
		4E0536B82438A08A00ECFF0D /* LAPBookViewModel.swift in Sources */ = {isa = PBXBuildFile; fileRef = 4E0536B72438A08A00ECFF0D /* LAPBookViewModel.swift */; };
		4E13DDB0243087E500421737 /* WelcomeVC.swift in Sources */ = {isa = PBXBuildFile; fileRef = 4E13DDAF243087E500421737 /* WelcomeVC.swift */; };
		4E13DDB32430880F00421737 /* CustomWelcomeView.swift in Sources */ = {isa = PBXBuildFile; fileRef = 4E13DDB22430880F00421737 /* CustomWelcomeView.swift */; };
		4E13DDB62430884300421737 /* CustomBaseView.swift in Sources */ = {isa = PBXBuildFile; fileRef = 4E13DDB52430884300421737 /* CustomBaseView.swift */; };
		4E13DDB82430886100421737 /* CustomBaseViewVC.swift in Sources */ = {isa = PBXBuildFile; fileRef = 4E13DDB72430886100421737 /* CustomBaseViewVC.swift */; };
		4E13DDBA2430889500421737 /* SecondWelcomeVC.swift in Sources */ = {isa = PBXBuildFile; fileRef = 4E13DDB92430889500421737 /* SecondWelcomeVC.swift */; };
		4E13DDBC243088E100421737 /* CustomSecondWelcomeView.swift in Sources */ = {isa = PBXBuildFile; fileRef = 4E13DDBB243088E100421737 /* CustomSecondWelcomeView.swift */; };
		4E13DDBE24308A0800421737 /* LoginVC.swift in Sources */ = {isa = PBXBuildFile; fileRef = 4E13DDBD24308A0800421737 /* LoginVC.swift */; };
		4E13DDC024308A1F00421737 /* CustomLoginsView.swift in Sources */ = {isa = PBXBuildFile; fileRef = 4E13DDBF24308A1F00421737 /* CustomLoginsView.swift */; };
		4E13DDC224308A7600421737 /* Extensions.swift in Sources */ = {isa = PBXBuildFile; fileRef = 4E13DDC124308A7600421737 /* Extensions.swift */; };
		4E13DDC524308AA400421737 /* CustomSkyTextFieldRightPadding.swift in Sources */ = {isa = PBXBuildFile; fileRef = 4E13DDC424308AA400421737 /* CustomSkyTextFieldRightPadding.swift */; };
		4E13DDC824308AD300421737 /* LoginViewModel.swift in Sources */ = {isa = PBXBuildFile; fileRef = 4E13DDC724308AD300421737 /* LoginViewModel.swift */; };
		4E13DDCA24308AF700421737 /* Bindable.swift in Sources */ = {isa = PBXBuildFile; fileRef = 4E13DDC924308AF700421737 /* Bindable.swift */; };
		4E13DDCC24308B2B00421737 /* ExtensionsVCS.swift in Sources */ = {isa = PBXBuildFile; fileRef = 4E13DDCB24308B2B00421737 /* ExtensionsVCS.swift */; };
		4E13DDCF24308B7800421737 /* ColorConstants.swift in Sources */ = {isa = PBXBuildFile; fileRef = 4E13DDCE24308B7800421737 /* ColorConstants.swift */; };
		4E13DDD324308C8E00421737 /* ForgetPasswordVC.swift in Sources */ = {isa = PBXBuildFile; fileRef = 4E13DDD224308C8E00421737 /* ForgetPasswordVC.swift */; };
		4E13DDD724308CC700421737 /* CustomMainForgetPassView.swift in Sources */ = {isa = PBXBuildFile; fileRef = 4E13DDD624308CC700421737 /* CustomMainForgetPassView.swift */; };
		4E13DDDE24308F1200421737 /* ForgetPassViewModel.swift in Sources */ = {isa = PBXBuildFile; fileRef = 4E13DDDD24308F1200421737 /* ForgetPassViewModel.swift */; };
		4E13DDE124308F6300421737 /* VerificationVC.swift in Sources */ = {isa = PBXBuildFile; fileRef = 4E13DDE024308F6300421737 /* VerificationVC.swift */; };
		4E13DDE424308FA700421737 /* CustomVerificationView.swift in Sources */ = {isa = PBXBuildFile; fileRef = 4E13DDE324308FA700421737 /* CustomVerificationView.swift */; };
		4E13DDE724308FF400421737 /* SMSCodeViewModel.swift in Sources */ = {isa = PBXBuildFile; fileRef = 4E13DDE624308FF400421737 /* SMSCodeViewModel.swift */; };
		4E13DDE92430903500421737 /* NewPassVC.swift in Sources */ = {isa = PBXBuildFile; fileRef = 4E13DDE82430903500421737 /* NewPassVC.swift */; };
		4E13DDEB2430905C00421737 /* CustomNewPassView.swift in Sources */ = {isa = PBXBuildFile; fileRef = 4E13DDEA2430905C00421737 /* CustomNewPassView.swift */; };
		4E13DDED2430909B00421737 /* NewPassViewModel.swift in Sources */ = {isa = PBXBuildFile; fileRef = 4E13DDEC2430909B00421737 /* NewPassViewModel.swift */; };
		4E1E529D24335619005E5695 /* CustomSeg.swift in Sources */ = {isa = PBXBuildFile; fileRef = 4E1E529C24335619005E5695 /* CustomSeg.swift */; };
		4E1E52A224335867005E5695 /* LapSearchVC.swift in Sources */ = {isa = PBXBuildFile; fileRef = 4E1E52A124335867005E5695 /* LapSearchVC.swift */; };
		4E1E52A4243358A1005E5695 /* CustomLapSearchView.swift in Sources */ = {isa = PBXBuildFile; fileRef = 4E1E52A3243358A1005E5695 /* CustomLapSearchView.swift */; };
		4E1ED39624345667004F134D /* CustomTestView.swift in Sources */ = {isa = PBXBuildFile; fileRef = 4E1ED39524345667004F134D /* CustomTestView.swift */; };
		4E203AFE2430919A002144FF /* RegisterVC.swift in Sources */ = {isa = PBXBuildFile; fileRef = 4E203AFD2430919A002144FF /* RegisterVC.swift */; };
		4E203B00243091BA002144FF /* CustomRegisterView.swift in Sources */ = {isa = PBXBuildFile; fileRef = 4E203AFF243091BA002144FF /* CustomRegisterView.swift */; };
		4E203B022430921B002144FF /* RegisterViewModel.swift in Sources */ = {isa = PBXBuildFile; fileRef = 4E203B012430921B002144FF /* RegisterViewModel.swift */; };
		4E31D51F24336A02001E02B6 /* LAPResultsCollectionVC.swift in Sources */ = {isa = PBXBuildFile; fileRef = 4E31D51E24336A02001E02B6 /* LAPResultsCollectionVC.swift */; };
		4E31D52224336A30001E02B6 /* LAPResultsCell.swift in Sources */ = {isa = PBXBuildFile; fileRef = 4E31D52124336A30001E02B6 /* LAPResultsCell.swift */; };
		4E31D52624336CCE001E02B6 /* CustomLAPSelectedSearchView.swift in Sources */ = {isa = PBXBuildFile; fileRef = 4E31D52524336CCE001E02B6 /* CustomLAPSelectedSearchView.swift */; };
		4E31D52B243370F3001E02B6 /* LAPResultsCelllll.swift in Sources */ = {isa = PBXBuildFile; fileRef = 4E31D52A243370F3001E02B6 /* LAPResultsCelllll.swift */; };
		4E31D52F243375EB001E02B6 /* LAPBookVC.swift in Sources */ = {isa = PBXBuildFile; fileRef = 4E31D52E243375EB001E02B6 /* LAPBookVC.swift */; };
		4E31D53124337657001E02B6 /* CustomLAPBookView.swift in Sources */ = {isa = PBXBuildFile; fileRef = 4E31D53024337657001E02B6 /* CustomLAPBookView.swift */; };
		4E347CDE2430B8F200333C07 /* HomeMenuVC.swift in Sources */ = {isa = PBXBuildFile; fileRef = 4E347CDD2430B8F200333C07 /* HomeMenuVC.swift */; };
		4E347CE12430B96B00333C07 /* CustomMainHomeView.swift in Sources */ = {isa = PBXBuildFile; fileRef = 4E347CE02430B96B00333C07 /* CustomMainHomeView.swift */; };
		4E347CE32430BAB200333C07 /* BaseAdsCell.swift in Sources */ = {isa = PBXBuildFile; fileRef = 4E347CE22430BAB200333C07 /* BaseAdsCell.swift */; };
		4E347CE52430BAE100333C07 /* BaseCollectionCell.swift in Sources */ = {isa = PBXBuildFile; fileRef = 4E347CE42430BAE100333C07 /* BaseCollectionCell.swift */; };
		4E4F84AA2430CBB9005EFC4C /* ServicesVC.swift in Sources */ = {isa = PBXBuildFile; fileRef = 4E4F84A92430CBB9005EFC4C /* ServicesVC.swift */; };
		4E4F84AC2430CBEF005EFC4C /* CustomMainServicesView.swift in Sources */ = {isa = PBXBuildFile; fileRef = 4E4F84AB2430CBEF005EFC4C /* CustomMainServicesView.swift */; };
		4E6D5BB324307183000FC72D /* AppDelegate.swift in Sources */ = {isa = PBXBuildFile; fileRef = 4E6D5BB224307183000FC72D /* AppDelegate.swift */; };
		4E6D5BB524307183000FC72D /* ViewController.swift in Sources */ = {isa = PBXBuildFile; fileRef = 4E6D5BB424307183000FC72D /* ViewController.swift */; };
		4E6D5BB824307183000FC72D /* Main.storyboard in Resources */ = {isa = PBXBuildFile; fileRef = 4E6D5BB624307183000FC72D /* Main.storyboard */; };
		4E6D5BBA24307185000FC72D /* Assets.xcassets in Resources */ = {isa = PBXBuildFile; fileRef = 4E6D5BB924307185000FC72D /* Assets.xcassets */; };
		4E6D5BBD24307185000FC72D /* LaunchScreen.storyboard in Resources */ = {isa = PBXBuildFile; fileRef = 4E6D5BBB24307185000FC72D /* LaunchScreen.storyboard */; };
		4E6D5BCD243071FA000FC72D /* ExtensionUivew.swift in Sources */ = {isa = PBXBuildFile; fileRef = 4E6D5BCC243071FA000FC72D /* ExtensionUivew.swift */; };
		4E93E9A92434A717004C44F2 /* LAPSelectedSearchResultsVC.swift in Sources */ = {isa = PBXBuildFile; fileRef = 4E93E9A82434A717004C44F2 /* LAPSelectedSearchResultsVC.swift */; };
		4E9964D0243B45DF007689B8 /* IncubationSearchViewModel.swift in Sources */ = {isa = PBXBuildFile; fileRef = 4E9964CF243B45DF007689B8 /* IncubationSearchViewModel.swift */; };
		4E9964D3243B49E2007689B8 /* ICUViewModel.swift in Sources */ = {isa = PBXBuildFile; fileRef = 4E9964D2243B49E2007689B8 /* ICUViewModel.swift */; };
		4EA0651E2433667300D754AD /* LapSearchResultsVC.swift in Sources */ = {isa = PBXBuildFile; fileRef = 4EA0651D2433667300D754AD /* LapSearchResultsVC.swift */; };
		4EA06520243366B700D754AD /* CustomLapResultsView.swift in Sources */ = {isa = PBXBuildFile; fileRef = 4EA0651F243366B700D754AD /* CustomLapResultsView.swift */; };
		4EA21A132439D84B000F2EB0 /* DoctorBookViewModel.swift in Sources */ = {isa = PBXBuildFile; fileRef = 4EA21A122439D84B000F2EB0 /* DoctorBookViewModel.swift */; };
		4EA8B10F2430E0EC008473D3 /* HomeLeftMenuVC.swift in Sources */ = {isa = PBXBuildFile; fileRef = 4EA8B10E2430E0EC008473D3 /* HomeLeftMenuVC.swift */; };
		4EA8B1112430E0FE008473D3 /* HomeLeftMenuCollcetionVC.swift in Sources */ = {isa = PBXBuildFile; fileRef = 4EA8B1102430E0FE008473D3 /* HomeLeftMenuCollcetionVC.swift */; };
		4EA8B1132430E111008473D3 /* CustomMainHomeLeftView.swift in Sources */ = {isa = PBXBuildFile; fileRef = 4EA8B1122430E111008473D3 /* CustomMainHomeLeftView.swift */; };
		4EA8B1152430E1CA008473D3 /* BaseCollectionVC.swift in Sources */ = {isa = PBXBuildFile; fileRef = 4EA8B1142430E1CA008473D3 /* BaseCollectionVC.swift */; };
		4EA8B1172430E20D008473D3 /* MainLeftMenuCell.swift in Sources */ = {isa = PBXBuildFile; fileRef = 4EA8B1162430E20D008473D3 /* MainLeftMenuCell.swift */; };
		4EA8B1192430E373008473D3 /* BaseSlidingVC.swift in Sources */ = {isa = PBXBuildFile; fileRef = 4EA8B1182430E373008473D3 /* BaseSlidingVC.swift */; };
		4EA8B11C2430E4F8008473D3 /* ProfileVC.swift in Sources */ = {isa = PBXBuildFile; fileRef = 4EA8B11B2430E4F8008473D3 /* ProfileVC.swift */; };
		4EA8B11F2430E543008473D3 /* CustomProfileView.swift in Sources */ = {isa = PBXBuildFile; fileRef = 4EA8B11E2430E543008473D3 /* CustomProfileView.swift */; };
		4EA8B1212430E6BA008473D3 /* EdirProfileViewModel.swift in Sources */ = {isa = PBXBuildFile; fileRef = 4EA8B1202430E6BA008473D3 /* EdirProfileViewModel.swift */; };
		4EBBCD8324320115005C8DF7 /* DeatilsVC.swift in Sources */ = {isa = PBXBuildFile; fileRef = 4EBBCD8224320115005C8DF7 /* DeatilsVC.swift */; };
		4EBBCD8524320132005C8DF7 /* CustomDetailsView.swift in Sources */ = {isa = PBXBuildFile; fileRef = 4EBBCD8424320132005C8DF7 /* CustomDetailsView.swift */; };
		4EBBCD872432015E005C8DF7 /* DoctorSuggestShiftHorizentalVC.swift in Sources */ = {isa = PBXBuildFile; fileRef = 4EBBCD862432015E005C8DF7 /* DoctorSuggestShiftHorizentalVC.swift */; };
		4EBBCD892432016F005C8DF7 /* DoctorWorkingDateCollectionVC.swift in Sources */ = {isa = PBXBuildFile; fileRef = 4EBBCD882432016F005C8DF7 /* DoctorWorkingDateCollectionVC.swift */; };
		4EBBCD8C2432018D005C8DF7 /* DoctorWorkingDateCell.swift in Sources */ = {isa = PBXBuildFile; fileRef = 4EBBCD8B2432018D005C8DF7 /* DoctorWorkingDateCell.swift */; };
		4EBBCD8E243201A2005C8DF7 /* DoctorDaysShiftCell.swift in Sources */ = {isa = PBXBuildFile; fileRef = 4EBBCD8D243201A2005C8DF7 /* DoctorDaysShiftCell.swift */; };
		4EBBCD9324320310005C8DF7 /* DoctorBookVC.swift in Sources */ = {isa = PBXBuildFile; fileRef = 4EBBCD9224320310005C8DF7 /* DoctorBookVC.swift */; };
		4EBBCD9524320330005C8DF7 /* CusomBookView.swift in Sources */ = {isa = PBXBuildFile; fileRef = 4EBBCD9424320330005C8DF7 /* CusomBookView.swift */; };
		4EBF9E16243B04B4004F2A1D /* LAPSearchViewModel.swift in Sources */ = {isa = PBXBuildFile; fileRef = 4EBF9E15243B04B4004F2A1D /* LAPSearchViewModel.swift */; };
		4EC38C6F2439F9F2005DE994 /* PharamacyLocationViewModel.swift in Sources */ = {isa = PBXBuildFile; fileRef = 4EC38C6E2439F9F2005DE994 /* PharamacyLocationViewModel.swift */; };
		4EC38C732439FCA0005DE994 /* PharamacyOrderViewModel.swift in Sources */ = {isa = PBXBuildFile; fileRef = 4EC38C722439FCA0005DE994 /* PharamacyOrderViewModel.swift */; };
		4EC3CD4E243387E200732D96 /* LAPOrderVC.swift in Sources */ = {isa = PBXBuildFile; fileRef = 4EC3CD4D243387E200732D96 /* LAPOrderVC.swift */; };
		4EC3CD512433883600732D96 /* CustomLAPOrderView.swift in Sources */ = {isa = PBXBuildFile; fileRef = 4EC3CD502433883600732D96 /* CustomLAPOrderView.swift */; };
		4EC3CD542433894F00732D96 /* AddLapCollectionVC.swift in Sources */ = {isa = PBXBuildFile; fileRef = 4EC3CD532433894F00732D96 /* AddLapCollectionVC.swift */; };
		4EC3CD58243389D700732D96 /* AddLAPCell.swift in Sources */ = {isa = PBXBuildFile; fileRef = 4EC3CD57243389D700732D96 /* AddLAPCell.swift */; };
		4ED135BB2439A1D0008BE002 /* DoctorSearchViewModel.swift in Sources */ = {isa = PBXBuildFile; fileRef = 4ED135BA2439A1D0008BE002 /* DoctorSearchViewModel.swift */; };
		4ED135BD2439A77F008BE002 /* ChooseLocationVC.swift in Sources */ = {isa = PBXBuildFile; fileRef = 4ED135BC2439A77F008BE002 /* ChooseLocationVC.swift */; };
		4ED135C02439A7B7008BE002 /* CustomChooseUserLocationView.swift in Sources */ = {isa = PBXBuildFile; fileRef = 4ED135BF2439A7B7008BE002 /* CustomChooseUserLocationView.swift */; };
		4ED7125C2432139100074363 /* ICUSearchVC.swift in Sources */ = {isa = PBXBuildFile; fileRef = 4ED7125B2432139100074363 /* ICUSearchVC.swift */; };
		4ED7125F243213C500074363 /* CustomICUSearchView.swift in Sources */ = {isa = PBXBuildFile; fileRef = 4ED7125E243213C500074363 /* CustomICUSearchView.swift */; };
		4ED712612432148200074363 /* ICUSearchResultsVC.swift in Sources */ = {isa = PBXBuildFile; fileRef = 4ED712602432148200074363 /* ICUSearchResultsVC.swift */; };
		4ED71264243214D100074363 /* ICUResultsCollectionVC.swift in Sources */ = {isa = PBXBuildFile; fileRef = 4ED71263243214D100074363 /* ICUResultsCollectionVC.swift */; };
		4ED712672432151300074363 /* ICUResultsCell.swift in Sources */ = {isa = PBXBuildFile; fileRef = 4ED712662432151300074363 /* ICUResultsCell.swift */; };
		4ED712692432165A00074363 /* CustomICUResultsView.swift in Sources */ = {isa = PBXBuildFile; fileRef = 4ED712682432165A00074363 /* CustomICUResultsView.swift */; };
		4ED7126E2432197900074363 /* IncubationSearchVC.swift in Sources */ = {isa = PBXBuildFile; fileRef = 4ED7126D2432197900074363 /* IncubationSearchVC.swift */; };
		4ED71270243219A700074363 /* CustomIncubationSearchView.swift in Sources */ = {isa = PBXBuildFile; fileRef = 4ED7126F243219A700074363 /* CustomIncubationSearchView.swift */; };
		4ED7127324321BA900074363 /* IncubationSearchResultsVC.swift in Sources */ = {isa = PBXBuildFile; fileRef = 4ED7127224321BA900074363 /* IncubationSearchResultsVC.swift */; };
		4ED7127524321BD600074363 /* CustomIncubationResultsView.swift in Sources */ = {isa = PBXBuildFile; fileRef = 4ED7127424321BD600074363 /* CustomIncubationResultsView.swift */; };
		4ED7127724321C0B00074363 /* IncubationResultsCollectionVC.swift in Sources */ = {isa = PBXBuildFile; fileRef = 4ED7127624321C0B00074363 /* IncubationResultsCollectionVC.swift */; };
		4ED7127924321C3100074363 /* IncubationResultsCell.swift in Sources */ = {isa = PBXBuildFile; fileRef = 4ED7127824321C3100074363 /* IncubationResultsCell.swift */; };
		4ED7CEDD243B1C5200317342 /* LAPOrderViewModel.swift in Sources */ = {isa = PBXBuildFile; fileRef = 4ED7CEDC243B1C5200317342 /* LAPOrderViewModel.swift */; };
		4EEE74792433237A00FD94BA /* MedicineModel.swift in Sources */ = {isa = PBXBuildFile; fileRef = 4EEE74782433237A00FD94BA /* MedicineModel.swift */; };
		4EEE747B243324AC00FD94BA /* CustomAddMinusView.swift in Sources */ = {isa = PBXBuildFile; fileRef = 4EEE747A243324AC00FD94BA /* CustomAddMinusView.swift */; };
		4EEE747D243331E600FD94BA /* UserDefaultsConstants.swift in Sources */ = {isa = PBXBuildFile; fileRef = 4EEE747C243331E600FD94BA /* UserDefaultsConstants.swift */; };
		4EFDA7252431D47B0010AA7D /* DoctorListsVC.swift in Sources */ = {isa = PBXBuildFile; fileRef = 4EFDA7242431D47B0010AA7D /* DoctorListsVC.swift */; };
		4EFDA72A2431D5050010AA7D /* CustomDoctorListsView.swift in Sources */ = {isa = PBXBuildFile; fileRef = 4EFDA7292431D5050010AA7D /* CustomDoctorListsView.swift */; };
		4EFDA72C2431D5840010AA7D /* DoctorListCollectionVC.swift in Sources */ = {isa = PBXBuildFile; fileRef = 4EFDA72B2431D5840010AA7D /* DoctorListCollectionVC.swift */; };
		4EFDA72F2431D68D0010AA7D /* DoctorHomeListCell.swift in Sources */ = {isa = PBXBuildFile; fileRef = 4EFDA72E2431D68D0010AA7D /* DoctorHomeListCell.swift */; };
		4EFE85B42431E1CB00E44DD1 /* DoctorSearchVC.swift in Sources */ = {isa = PBXBuildFile; fileRef = 4EFE85B32431E1CB00E44DD1 /* DoctorSearchVC.swift */; };
		4EFE85B62431E21200E44DD1 /* CustomDoctorSearchView.swift in Sources */ = {isa = PBXBuildFile; fileRef = 4EFE85B52431E21200E44DD1 /* CustomDoctorSearchView.swift */; };
		4EFE85BB2431ED3300E44DD1 /* CardiologyCollectionVC.swift in Sources */ = {isa = PBXBuildFile; fileRef = 4EFE85B92431ED3200E44DD1 /* CardiologyCollectionVC.swift */; };
		4EFE85BC2431ED3300E44DD1 /* CardiologyVC.swift in Sources */ = {isa = PBXBuildFile; fileRef = 4EFE85BA2431ED3200E44DD1 /* CardiologyVC.swift */; };
		4EFE85BF2431ED5D00E44DD1 /* CustomCardiologyView.swift in Sources */ = {isa = PBXBuildFile; fileRef = 4EFE85BE2431ED5D00E44DD1 /* CustomCardiologyView.swift */; };
		4EFE85C12431ED8A00E44DD1 /* CardinolgyCell.swift in Sources */ = {isa = PBXBuildFile; fileRef = 4EFE85C02431ED8A00E44DD1 /* CardinolgyCell.swift */; };
		B4CA7CF06AA29ACDF3139C85 /* Pods_Doctroaak_Patient.framework in Frameworks */ = {isa = PBXBuildFile; fileRef = 092DC45AA74FAA03F635BA9B /* Pods_Doctroaak_Patient.framework */; };
/* End PBXBuildFile section */

/* Begin PBXFileReference section */
		0205F769D8BBEB849C19DF2D /* Pods-Doctroaak Patient.debug.xcconfig */ = {isa = PBXFileReference; includeInIndex = 1; lastKnownFileType = text.xcconfig; name = "Pods-Doctroaak Patient.debug.xcconfig"; path = "Target Support Files/Pods-Doctroaak Patient/Pods-Doctroaak Patient.debug.xcconfig"; sourceTree = "<group>"; };
		092DC45AA74FAA03F635BA9B /* Pods_Doctroaak_Patient.framework */ = {isa = PBXFileReference; explicitFileType = wrapper.framework; includeInIndex = 0; path = Pods_Doctroaak_Patient.framework; sourceTree = BUILT_PRODUCTS_DIR; };
		4E006792243307C0004B1C3F /* PharmacyOrderVC.swift */ = {isa = PBXFileReference; lastKnownFileType = sourcecode.swift; path = PharmacyOrderVC.swift; sourceTree = "<group>"; };
		4E006794243307F1004B1C3F /* CustomPharmacyOrderView.swift */ = {isa = PBXFileReference; lastKnownFileType = sourcecode.swift; path = CustomPharmacyOrderView.swift; sourceTree = "<group>"; };
		4E0067962433110B004B1C3F /* CustomRequestMedicineView.swift */ = {isa = PBXFileReference; lastKnownFileType = sourcecode.swift; path = CustomRequestMedicineView.swift; sourceTree = "<group>"; };
		4E00679824331315004B1C3F /* AddMedicineCollectionVC.swift */ = {isa = PBXFileReference; lastKnownFileType = sourcecode.swift; path = AddMedicineCollectionVC.swift; sourceTree = "<group>"; };
		4E00679A243313F8004B1C3F /* AddMedicineCell.swift */ = {isa = PBXFileReference; lastKnownFileType = sourcecode.swift; path = AddMedicineCell.swift; sourceTree = "<group>"; };
		4E04C87B243230F800D1AD1C /* PharmacyLocationVC .swift */ = {isa = PBXFileReference; lastKnownFileType = sourcecode.swift; path = "PharmacyLocationVC .swift"; sourceTree = "<group>"; };
		4E04C87F2432315300D1AD1C /* CustomPharmacyLocationView.swift */ = {isa = PBXFileReference; lastKnownFileType = sourcecode.swift; path = CustomPharmacyLocationView.swift; sourceTree = "<group>"; };
		4E04C881243235BE00D1AD1C /* CustomPaddingTextField.swift */ = {isa = PBXFileReference; lastKnownFileType = sourcecode.swift; path = CustomPaddingTextField.swift; sourceTree = "<group>"; };
		4E0536B72438A08A00ECFF0D /* LAPBookViewModel.swift */ = {isa = PBXFileReference; lastKnownFileType = sourcecode.swift; path = LAPBookViewModel.swift; sourceTree = "<group>"; };
		4E13DDAF243087E500421737 /* WelcomeVC.swift */ = {isa = PBXFileReference; lastKnownFileType = sourcecode.swift; path = WelcomeVC.swift; sourceTree = "<group>"; };
		4E13DDB22430880F00421737 /* CustomWelcomeView.swift */ = {isa = PBXFileReference; lastKnownFileType = sourcecode.swift; path = CustomWelcomeView.swift; sourceTree = "<group>"; };
		4E13DDB52430884300421737 /* CustomBaseView.swift */ = {isa = PBXFileReference; lastKnownFileType = sourcecode.swift; path = CustomBaseView.swift; sourceTree = "<group>"; };
		4E13DDB72430886100421737 /* CustomBaseViewVC.swift */ = {isa = PBXFileReference; lastKnownFileType = sourcecode.swift; path = CustomBaseViewVC.swift; sourceTree = "<group>"; };
		4E13DDB92430889500421737 /* SecondWelcomeVC.swift */ = {isa = PBXFileReference; lastKnownFileType = sourcecode.swift; path = SecondWelcomeVC.swift; sourceTree = "<group>"; };
		4E13DDBB243088E100421737 /* CustomSecondWelcomeView.swift */ = {isa = PBXFileReference; lastKnownFileType = sourcecode.swift; path = CustomSecondWelcomeView.swift; sourceTree = "<group>"; };
		4E13DDBD24308A0800421737 /* LoginVC.swift */ = {isa = PBXFileReference; lastKnownFileType = sourcecode.swift; path = LoginVC.swift; sourceTree = "<group>"; };
		4E13DDBF24308A1F00421737 /* CustomLoginsView.swift */ = {isa = PBXFileReference; lastKnownFileType = sourcecode.swift; path = CustomLoginsView.swift; sourceTree = "<group>"; };
		4E13DDC124308A7600421737 /* Extensions.swift */ = {isa = PBXFileReference; lastKnownFileType = sourcecode.swift; path = Extensions.swift; sourceTree = "<group>"; };
		4E13DDC424308AA400421737 /* CustomSkyTextFieldRightPadding.swift */ = {isa = PBXFileReference; lastKnownFileType = sourcecode.swift; path = CustomSkyTextFieldRightPadding.swift; sourceTree = "<group>"; };
		4E13DDC724308AD300421737 /* LoginViewModel.swift */ = {isa = PBXFileReference; lastKnownFileType = sourcecode.swift; path = LoginViewModel.swift; sourceTree = "<group>"; };
		4E13DDC924308AF700421737 /* Bindable.swift */ = {isa = PBXFileReference; lastKnownFileType = sourcecode.swift; path = Bindable.swift; sourceTree = "<group>"; };
		4E13DDCB24308B2B00421737 /* ExtensionsVCS.swift */ = {isa = PBXFileReference; lastKnownFileType = sourcecode.swift; path = ExtensionsVCS.swift; sourceTree = "<group>"; };
		4E13DDCE24308B7800421737 /* ColorConstants.swift */ = {isa = PBXFileReference; lastKnownFileType = sourcecode.swift; path = ColorConstants.swift; sourceTree = "<group>"; };
		4E13DDD224308C8E00421737 /* ForgetPasswordVC.swift */ = {isa = PBXFileReference; lastKnownFileType = sourcecode.swift; path = ForgetPasswordVC.swift; sourceTree = "<group>"; };
		4E13DDD624308CC700421737 /* CustomMainForgetPassView.swift */ = {isa = PBXFileReference; lastKnownFileType = sourcecode.swift; path = CustomMainForgetPassView.swift; sourceTree = "<group>"; };
		4E13DDDD24308F1200421737 /* ForgetPassViewModel.swift */ = {isa = PBXFileReference; lastKnownFileType = sourcecode.swift; path = ForgetPassViewModel.swift; sourceTree = "<group>"; };
		4E13DDE024308F6300421737 /* VerificationVC.swift */ = {isa = PBXFileReference; lastKnownFileType = sourcecode.swift; path = VerificationVC.swift; sourceTree = "<group>"; };
		4E13DDE324308FA700421737 /* CustomVerificationView.swift */ = {isa = PBXFileReference; lastKnownFileType = sourcecode.swift; path = CustomVerificationView.swift; sourceTree = "<group>"; };
		4E13DDE624308FF400421737 /* SMSCodeViewModel.swift */ = {isa = PBXFileReference; lastKnownFileType = sourcecode.swift; path = SMSCodeViewModel.swift; sourceTree = "<group>"; };
		4E13DDE82430903500421737 /* NewPassVC.swift */ = {isa = PBXFileReference; lastKnownFileType = sourcecode.swift; path = NewPassVC.swift; sourceTree = "<group>"; };
		4E13DDEA2430905C00421737 /* CustomNewPassView.swift */ = {isa = PBXFileReference; lastKnownFileType = sourcecode.swift; path = CustomNewPassView.swift; sourceTree = "<group>"; };
		4E13DDEC2430909B00421737 /* NewPassViewModel.swift */ = {isa = PBXFileReference; lastKnownFileType = sourcecode.swift; path = NewPassViewModel.swift; sourceTree = "<group>"; };
		4E1E529C24335619005E5695 /* CustomSeg.swift */ = {isa = PBXFileReference; lastKnownFileType = sourcecode.swift; path = CustomSeg.swift; sourceTree = "<group>"; };
		4E1E52A124335867005E5695 /* LapSearchVC.swift */ = {isa = PBXFileReference; lastKnownFileType = sourcecode.swift; path = LapSearchVC.swift; sourceTree = "<group>"; };
		4E1E52A3243358A1005E5695 /* CustomLapSearchView.swift */ = {isa = PBXFileReference; lastKnownFileType = sourcecode.swift; path = CustomLapSearchView.swift; sourceTree = "<group>"; };
		4E1ED39524345667004F134D /* CustomTestView.swift */ = {isa = PBXFileReference; lastKnownFileType = sourcecode.swift; path = CustomTestView.swift; sourceTree = "<group>"; };
		4E203AFD2430919A002144FF /* RegisterVC.swift */ = {isa = PBXFileReference; lastKnownFileType = sourcecode.swift; path = RegisterVC.swift; sourceTree = "<group>"; };
		4E203AFF243091BA002144FF /* CustomRegisterView.swift */ = {isa = PBXFileReference; lastKnownFileType = sourcecode.swift; path = CustomRegisterView.swift; sourceTree = "<group>"; };
		4E203B012430921B002144FF /* RegisterViewModel.swift */ = {isa = PBXFileReference; lastKnownFileType = sourcecode.swift; path = RegisterViewModel.swift; sourceTree = "<group>"; };
		4E31D51E24336A02001E02B6 /* LAPResultsCollectionVC.swift */ = {isa = PBXFileReference; lastKnownFileType = sourcecode.swift; path = LAPResultsCollectionVC.swift; sourceTree = "<group>"; };
		4E31D52124336A30001E02B6 /* LAPResultsCell.swift */ = {isa = PBXFileReference; lastKnownFileType = sourcecode.swift; path = LAPResultsCell.swift; sourceTree = "<group>"; };
		4E31D52524336CCE001E02B6 /* CustomLAPSelectedSearchView.swift */ = {isa = PBXFileReference; lastKnownFileType = sourcecode.swift; path = CustomLAPSelectedSearchView.swift; sourceTree = "<group>"; };
		4E31D52A243370F3001E02B6 /* LAPResultsCelllll.swift */ = {isa = PBXFileReference; lastKnownFileType = sourcecode.swift; path = LAPResultsCelllll.swift; sourceTree = "<group>"; };
		4E31D52E243375EB001E02B6 /* LAPBookVC.swift */ = {isa = PBXFileReference; lastKnownFileType = sourcecode.swift; path = LAPBookVC.swift; sourceTree = "<group>"; };
		4E31D53024337657001E02B6 /* CustomLAPBookView.swift */ = {isa = PBXFileReference; lastKnownFileType = sourcecode.swift; path = CustomLAPBookView.swift; sourceTree = "<group>"; };
		4E347CDD2430B8F200333C07 /* HomeMenuVC.swift */ = {isa = PBXFileReference; lastKnownFileType = sourcecode.swift; path = HomeMenuVC.swift; sourceTree = "<group>"; };
		4E347CE02430B96B00333C07 /* CustomMainHomeView.swift */ = {isa = PBXFileReference; lastKnownFileType = sourcecode.swift; path = CustomMainHomeView.swift; sourceTree = "<group>"; };
		4E347CE22430BAB200333C07 /* BaseAdsCell.swift */ = {isa = PBXFileReference; lastKnownFileType = sourcecode.swift; path = BaseAdsCell.swift; sourceTree = "<group>"; };
		4E347CE42430BAE100333C07 /* BaseCollectionCell.swift */ = {isa = PBXFileReference; lastKnownFileType = sourcecode.swift; path = BaseCollectionCell.swift; sourceTree = "<group>"; };
		4E4F84A92430CBB9005EFC4C /* ServicesVC.swift */ = {isa = PBXFileReference; lastKnownFileType = sourcecode.swift; path = ServicesVC.swift; sourceTree = "<group>"; };
		4E4F84AB2430CBEF005EFC4C /* CustomMainServicesView.swift */ = {isa = PBXFileReference; lastKnownFileType = sourcecode.swift; path = CustomMainServicesView.swift; sourceTree = "<group>"; };
		4E6D5BAF24307183000FC72D /* Doctroaak Patient.app */ = {isa = PBXFileReference; explicitFileType = wrapper.application; includeInIndex = 0; path = "Doctroaak Patient.app"; sourceTree = BUILT_PRODUCTS_DIR; };
		4E6D5BB224307183000FC72D /* AppDelegate.swift */ = {isa = PBXFileReference; lastKnownFileType = sourcecode.swift; path = AppDelegate.swift; sourceTree = "<group>"; };
		4E6D5BB424307183000FC72D /* ViewController.swift */ = {isa = PBXFileReference; lastKnownFileType = sourcecode.swift; path = ViewController.swift; sourceTree = "<group>"; };
		4E6D5BB724307183000FC72D /* Base */ = {isa = PBXFileReference; lastKnownFileType = file.storyboard; name = Base; path = Base.lproj/Main.storyboard; sourceTree = "<group>"; };
		4E6D5BB924307185000FC72D /* Assets.xcassets */ = {isa = PBXFileReference; lastKnownFileType = folder.assetcatalog; path = Assets.xcassets; sourceTree = "<group>"; };
		4E6D5BBC24307185000FC72D /* Base */ = {isa = PBXFileReference; lastKnownFileType = file.storyboard; name = Base; path = Base.lproj/LaunchScreen.storyboard; sourceTree = "<group>"; };
		4E6D5BBE24307185000FC72D /* Info.plist */ = {isa = PBXFileReference; lastKnownFileType = text.plist.xml; path = Info.plist; sourceTree = "<group>"; };
		4E6D5BCC243071FA000FC72D /* ExtensionUivew.swift */ = {isa = PBXFileReference; fileEncoding = 4; lastKnownFileType = sourcecode.swift; path = ExtensionUivew.swift; sourceTree = "<group>"; };
		4E93E9A82434A717004C44F2 /* LAPSelectedSearchResultsVC.swift */ = {isa = PBXFileReference; lastKnownFileType = sourcecode.swift; path = LAPSelectedSearchResultsVC.swift; sourceTree = "<group>"; };
		4E9964CF243B45DF007689B8 /* IncubationSearchViewModel.swift */ = {isa = PBXFileReference; lastKnownFileType = sourcecode.swift; path = IncubationSearchViewModel.swift; sourceTree = "<group>"; };
		4E9964D2243B49E2007689B8 /* ICUViewModel.swift */ = {isa = PBXFileReference; lastKnownFileType = sourcecode.swift; path = ICUViewModel.swift; sourceTree = "<group>"; };
		4EA0651D2433667300D754AD /* LapSearchResultsVC.swift */ = {isa = PBXFileReference; lastKnownFileType = sourcecode.swift; path = LapSearchResultsVC.swift; sourceTree = "<group>"; };
		4EA0651F243366B700D754AD /* CustomLapResultsView.swift */ = {isa = PBXFileReference; lastKnownFileType = sourcecode.swift; path = CustomLapResultsView.swift; sourceTree = "<group>"; };
		4EA21A122439D84B000F2EB0 /* DoctorBookViewModel.swift */ = {isa = PBXFileReference; lastKnownFileType = sourcecode.swift; path = DoctorBookViewModel.swift; sourceTree = "<group>"; };
		4EA8B10E2430E0EC008473D3 /* HomeLeftMenuVC.swift */ = {isa = PBXFileReference; lastKnownFileType = sourcecode.swift; path = HomeLeftMenuVC.swift; sourceTree = "<group>"; };
		4EA8B1102430E0FE008473D3 /* HomeLeftMenuCollcetionVC.swift */ = {isa = PBXFileReference; lastKnownFileType = sourcecode.swift; path = HomeLeftMenuCollcetionVC.swift; sourceTree = "<group>"; };
		4EA8B1122430E111008473D3 /* CustomMainHomeLeftView.swift */ = {isa = PBXFileReference; lastKnownFileType = sourcecode.swift; path = CustomMainHomeLeftView.swift; sourceTree = "<group>"; };
		4EA8B1142430E1CA008473D3 /* BaseCollectionVC.swift */ = {isa = PBXFileReference; lastKnownFileType = sourcecode.swift; path = BaseCollectionVC.swift; sourceTree = "<group>"; };
		4EA8B1162430E20D008473D3 /* MainLeftMenuCell.swift */ = {isa = PBXFileReference; lastKnownFileType = sourcecode.swift; path = MainLeftMenuCell.swift; sourceTree = "<group>"; };
		4EA8B1182430E373008473D3 /* BaseSlidingVC.swift */ = {isa = PBXFileReference; lastKnownFileType = sourcecode.swift; path = BaseSlidingVC.swift; sourceTree = "<group>"; };
		4EA8B11B2430E4F8008473D3 /* ProfileVC.swift */ = {isa = PBXFileReference; lastKnownFileType = sourcecode.swift; path = ProfileVC.swift; sourceTree = "<group>"; };
		4EA8B11E2430E543008473D3 /* CustomProfileView.swift */ = {isa = PBXFileReference; lastKnownFileType = sourcecode.swift; path = CustomProfileView.swift; sourceTree = "<group>"; };
		4EA8B1202430E6BA008473D3 /* EdirProfileViewModel.swift */ = {isa = PBXFileReference; lastKnownFileType = sourcecode.swift; path = EdirProfileViewModel.swift; sourceTree = "<group>"; };
		4EBBCD8224320115005C8DF7 /* DeatilsVC.swift */ = {isa = PBXFileReference; lastKnownFileType = sourcecode.swift; path = DeatilsVC.swift; sourceTree = "<group>"; };
		4EBBCD8424320132005C8DF7 /* CustomDetailsView.swift */ = {isa = PBXFileReference; lastKnownFileType = sourcecode.swift; path = CustomDetailsView.swift; sourceTree = "<group>"; };
		4EBBCD862432015E005C8DF7 /* DoctorSuggestShiftHorizentalVC.swift */ = {isa = PBXFileReference; lastKnownFileType = sourcecode.swift; path = DoctorSuggestShiftHorizentalVC.swift; sourceTree = "<group>"; };
		4EBBCD882432016F005C8DF7 /* DoctorWorkingDateCollectionVC.swift */ = {isa = PBXFileReference; lastKnownFileType = sourcecode.swift; path = DoctorWorkingDateCollectionVC.swift; sourceTree = "<group>"; };
		4EBBCD8B2432018D005C8DF7 /* DoctorWorkingDateCell.swift */ = {isa = PBXFileReference; lastKnownFileType = sourcecode.swift; path = DoctorWorkingDateCell.swift; sourceTree = "<group>"; };
		4EBBCD8D243201A2005C8DF7 /* DoctorDaysShiftCell.swift */ = {isa = PBXFileReference; lastKnownFileType = sourcecode.swift; path = DoctorDaysShiftCell.swift; sourceTree = "<group>"; };
		4EBBCD9224320310005C8DF7 /* DoctorBookVC.swift */ = {isa = PBXFileReference; lastKnownFileType = sourcecode.swift; path = DoctorBookVC.swift; sourceTree = "<group>"; };
		4EBBCD9424320330005C8DF7 /* CusomBookView.swift */ = {isa = PBXFileReference; lastKnownFileType = sourcecode.swift; path = CusomBookView.swift; sourceTree = "<group>"; };
		4EBF9E15243B04B4004F2A1D /* LAPSearchViewModel.swift */ = {isa = PBXFileReference; lastKnownFileType = sourcecode.swift; path = LAPSearchViewModel.swift; sourceTree = "<group>"; };
		4EC38C6E2439F9F2005DE994 /* PharamacyLocationViewModel.swift */ = {isa = PBXFileReference; lastKnownFileType = sourcecode.swift; path = PharamacyLocationViewModel.swift; sourceTree = "<group>"; };
		4EC38C722439FCA0005DE994 /* PharamacyOrderViewModel.swift */ = {isa = PBXFileReference; lastKnownFileType = sourcecode.swift; path = PharamacyOrderViewModel.swift; sourceTree = "<group>"; };
		4EC3CD4D243387E200732D96 /* LAPOrderVC.swift */ = {isa = PBXFileReference; lastKnownFileType = sourcecode.swift; path = LAPOrderVC.swift; sourceTree = "<group>"; };
		4EC3CD502433883600732D96 /* CustomLAPOrderView.swift */ = {isa = PBXFileReference; lastKnownFileType = sourcecode.swift; path = CustomLAPOrderView.swift; sourceTree = "<group>"; };
		4EC3CD532433894F00732D96 /* AddLapCollectionVC.swift */ = {isa = PBXFileReference; lastKnownFileType = sourcecode.swift; path = AddLapCollectionVC.swift; sourceTree = "<group>"; };
		4EC3CD57243389D700732D96 /* AddLAPCell.swift */ = {isa = PBXFileReference; lastKnownFileType = sourcecode.swift; path = AddLAPCell.swift; sourceTree = "<group>"; };
		4ED135BA2439A1D0008BE002 /* DoctorSearchViewModel.swift */ = {isa = PBXFileReference; lastKnownFileType = sourcecode.swift; path = DoctorSearchViewModel.swift; sourceTree = "<group>"; };
		4ED135BC2439A77F008BE002 /* ChooseLocationVC.swift */ = {isa = PBXFileReference; lastKnownFileType = sourcecode.swift; path = ChooseLocationVC.swift; sourceTree = "<group>"; };
		4ED135BF2439A7B7008BE002 /* CustomChooseUserLocationView.swift */ = {isa = PBXFileReference; lastKnownFileType = sourcecode.swift; path = CustomChooseUserLocationView.swift; sourceTree = "<group>"; };
		4ED7125B2432139100074363 /* ICUSearchVC.swift */ = {isa = PBXFileReference; lastKnownFileType = sourcecode.swift; path = ICUSearchVC.swift; sourceTree = "<group>"; };
		4ED7125E243213C500074363 /* CustomICUSearchView.swift */ = {isa = PBXFileReference; lastKnownFileType = sourcecode.swift; path = CustomICUSearchView.swift; sourceTree = "<group>"; };
		4ED712602432148200074363 /* ICUSearchResultsVC.swift */ = {isa = PBXFileReference; lastKnownFileType = sourcecode.swift; path = ICUSearchResultsVC.swift; sourceTree = "<group>"; };
		4ED71263243214D100074363 /* ICUResultsCollectionVC.swift */ = {isa = PBXFileReference; lastKnownFileType = sourcecode.swift; path = ICUResultsCollectionVC.swift; sourceTree = "<group>"; };
		4ED712662432151300074363 /* ICUResultsCell.swift */ = {isa = PBXFileReference; lastKnownFileType = sourcecode.swift; path = ICUResultsCell.swift; sourceTree = "<group>"; };
		4ED712682432165A00074363 /* CustomICUResultsView.swift */ = {isa = PBXFileReference; lastKnownFileType = sourcecode.swift; path = CustomICUResultsView.swift; sourceTree = "<group>"; };
		4ED7126D2432197900074363 /* IncubationSearchVC.swift */ = {isa = PBXFileReference; lastKnownFileType = sourcecode.swift; path = IncubationSearchVC.swift; sourceTree = "<group>"; };
		4ED7126F243219A700074363 /* CustomIncubationSearchView.swift */ = {isa = PBXFileReference; lastKnownFileType = sourcecode.swift; path = CustomIncubationSearchView.swift; sourceTree = "<group>"; };
		4ED7127224321BA900074363 /* IncubationSearchResultsVC.swift */ = {isa = PBXFileReference; lastKnownFileType = sourcecode.swift; path = IncubationSearchResultsVC.swift; sourceTree = "<group>"; };
		4ED7127424321BD600074363 /* CustomIncubationResultsView.swift */ = {isa = PBXFileReference; lastKnownFileType = sourcecode.swift; path = CustomIncubationResultsView.swift; sourceTree = "<group>"; };
		4ED7127624321C0B00074363 /* IncubationResultsCollectionVC.swift */ = {isa = PBXFileReference; lastKnownFileType = sourcecode.swift; path = IncubationResultsCollectionVC.swift; sourceTree = "<group>"; };
		4ED7127824321C3100074363 /* IncubationResultsCell.swift */ = {isa = PBXFileReference; lastKnownFileType = sourcecode.swift; path = IncubationResultsCell.swift; sourceTree = "<group>"; };
		4ED7CEDC243B1C5200317342 /* LAPOrderViewModel.swift */ = {isa = PBXFileReference; lastKnownFileType = sourcecode.swift; path = LAPOrderViewModel.swift; sourceTree = "<group>"; };
		4EEE74782433237A00FD94BA /* MedicineModel.swift */ = {isa = PBXFileReference; lastKnownFileType = sourcecode.swift; path = MedicineModel.swift; sourceTree = "<group>"; };
		4EEE747A243324AC00FD94BA /* CustomAddMinusView.swift */ = {isa = PBXFileReference; lastKnownFileType = sourcecode.swift; path = CustomAddMinusView.swift; sourceTree = "<group>"; };
		4EEE747C243331E600FD94BA /* UserDefaultsConstants.swift */ = {isa = PBXFileReference; lastKnownFileType = sourcecode.swift; path = UserDefaultsConstants.swift; sourceTree = "<group>"; };
		4EFDA7242431D47B0010AA7D /* DoctorListsVC.swift */ = {isa = PBXFileReference; lastKnownFileType = sourcecode.swift; path = DoctorListsVC.swift; sourceTree = "<group>"; };
		4EFDA7292431D5050010AA7D /* CustomDoctorListsView.swift */ = {isa = PBXFileReference; lastKnownFileType = sourcecode.swift; path = CustomDoctorListsView.swift; sourceTree = "<group>"; };
		4EFDA72B2431D5840010AA7D /* DoctorListCollectionVC.swift */ = {isa = PBXFileReference; lastKnownFileType = sourcecode.swift; path = DoctorListCollectionVC.swift; sourceTree = "<group>"; };
		4EFDA72E2431D68D0010AA7D /* DoctorHomeListCell.swift */ = {isa = PBXFileReference; lastKnownFileType = sourcecode.swift; path = DoctorHomeListCell.swift; sourceTree = "<group>"; };
		4EFE85B32431E1CB00E44DD1 /* DoctorSearchVC.swift */ = {isa = PBXFileReference; lastKnownFileType = sourcecode.swift; path = DoctorSearchVC.swift; sourceTree = "<group>"; };
		4EFE85B52431E21200E44DD1 /* CustomDoctorSearchView.swift */ = {isa = PBXFileReference; lastKnownFileType = sourcecode.swift; path = CustomDoctorSearchView.swift; sourceTree = "<group>"; };
		4EFE85B92431ED3200E44DD1 /* CardiologyCollectionVC.swift */ = {isa = PBXFileReference; fileEncoding = 4; lastKnownFileType = sourcecode.swift; path = CardiologyCollectionVC.swift; sourceTree = "<group>"; };
		4EFE85BA2431ED3200E44DD1 /* CardiologyVC.swift */ = {isa = PBXFileReference; fileEncoding = 4; lastKnownFileType = sourcecode.swift; path = CardiologyVC.swift; sourceTree = "<group>"; };
		4EFE85BE2431ED5D00E44DD1 /* CustomCardiologyView.swift */ = {isa = PBXFileReference; lastKnownFileType = sourcecode.swift; path = CustomCardiologyView.swift; sourceTree = "<group>"; };
		4EFE85C02431ED8A00E44DD1 /* CardinolgyCell.swift */ = {isa = PBXFileReference; lastKnownFileType = sourcecode.swift; path = CardinolgyCell.swift; sourceTree = "<group>"; };
		60BA14D456864443CE1D68A0 /* Pods-Doctroaak Patient.release.xcconfig */ = {isa = PBXFileReference; includeInIndex = 1; lastKnownFileType = text.xcconfig; name = "Pods-Doctroaak Patient.release.xcconfig"; path = "Target Support Files/Pods-Doctroaak Patient/Pods-Doctroaak Patient.release.xcconfig"; sourceTree = "<group>"; };
/* End PBXFileReference section */

/* Begin PBXFrameworksBuildPhase section */
		4E6D5BAC24307183000FC72D /* Frameworks */ = {
			isa = PBXFrameworksBuildPhase;
			buildActionMask = 2147483647;
			files = (
				B4CA7CF06AA29ACDF3139C85 /* Pods_Doctroaak_Patient.framework in Frameworks */,
			);
			runOnlyForDeploymentPostprocessing = 0;
		};
/* End PBXFrameworksBuildPhase section */

/* Begin PBXGroup section */
		4B1B844BDD4D89AFC0202782 /* Frameworks */ = {
			isa = PBXGroup;
			children = (
				092DC45AA74FAA03F635BA9B /* Pods_Doctroaak_Patient.framework */,
			);
			name = Frameworks;
			sourceTree = "<group>";
		};
		4E04C87A243230CF00D1AD1C /* Pharmacy  */ = {
			isa = PBXGroup;
			children = (
				4EC38C712439FA9E005DE994 /* Location */,
				4EDF1C54243AF22200294DEA /* Order */,
			);
			path = "Pharmacy ";
			sourceTree = "<group>";
		};
		4E04C87D2432311700D1AD1C /* Pharmacy  */ = {
			isa = PBXGroup;
			children = (
				4EC38C702439FA85005DE994 /* Location */,
				4E9EA369243A0BBC001E5C9A /* Order */,
			);
			path = "Pharmacy ";
			sourceTree = "<group>";
		};
		4E04C87E2432311D00D1AD1C /* Pharmacy  */ = {
			isa = PBXGroup;
			children = (
				4E00679A243313F8004B1C3F /* AddMedicineCell.swift */,
			);
			path = "Pharmacy ";
			sourceTree = "<group>";
		};
		4E0536B62438A06300ECFF0D /* LAP */ = {
			isa = PBXGroup;
			children = (
				4EBF9E15243B04B4004F2A1D /* LAPSearchViewModel.swift */,
				4E0536B72438A08A00ECFF0D /* LAPBookViewModel.swift */,
				4ED7CEDC243B1C5200317342 /* LAPOrderViewModel.swift */,
			);
			path = LAP;
			sourceTree = "<group>";
		};
		4E13DDAB2430879200421737 /* Registration */ = {
			isa = PBXGroup;
			children = (
				4E13DDD024308C7B00421737 /* Welcome */,
				4E13DDD124308C8500421737 /* Login */,
				4E203AFD2430919A002144FF /* RegisterVC.swift */,
			);
			path = Registration;
			sourceTree = "<group>";
		};
		4E13DDAC243087A200421737 /* CustomVC */ = {
			isa = PBXGroup;
			children = (
				4E1E529E2433582B005E5695 /* LAP */,
				4E04C87D2432311700D1AD1C /* Pharmacy  */,
				4ED7126B2432195100074363 /* Incubation */,
				4ED7125D243213BE00074363 /* ICU */,
				4EFDA7262431D4BC0010AA7D /* Doctor + Medical Center */,
				4E347CDF2430B96400333C07 /* Menu */,
				4E13DDB12430880400421737 /* Regsitraion */,
				4E4F84AB2430CBEF005EFC4C /* CustomMainServicesView.swift */,
			);
			path = CustomVC;
			sourceTree = "<group>";
		};
		4E13DDAD243087AC00421737 /* Cells */ = {
			isa = PBXGroup;
			children = (
				4E1E529F2433583A005E5695 /* LAP */,
				4E04C87E2432311D00D1AD1C /* Pharmacy  */,
				4ED7126C2432195600074363 /* Incubation */,
				4ED712652432150D00074363 /* ICU */,
				4EFDA72D2431D6790010AA7D /* Doctor + Medical Center */,
				4E347CE22430BAB200333C07 /* BaseAdsCell.swift */,
				4EA8B1162430E20D008473D3 /* MainLeftMenuCell.swift */,
			);
			path = Cells;
			sourceTree = "<group>";
		};
		4E13DDAE243087B300421737 /* BaseVCS */ = {
			isa = PBXGroup;
			children = (
				4E13DDB72430886100421737 /* CustomBaseViewVC.swift */,
				4EA8B1142430E1CA008473D3 /* BaseCollectionVC.swift */,
				4EA8B1182430E373008473D3 /* BaseSlidingVC.swift */,
			);
			path = BaseVCS;
			sourceTree = "<group>";
		};
		4E13DDB12430880400421737 /* Regsitraion */ = {
			isa = PBXGroup;
			children = (
				4E203AFF243091BA002144FF /* CustomRegisterView.swift */,
				4E13DDD424308CB000421737 /* Welcome */,
				4E13DDD524308CB800421737 /* Login */,
			);
			path = Regsitraion;
			sourceTree = "<group>";
		};
		4E13DDB42430883200421737 /* CustomBaseViews */ = {
			isa = PBXGroup;
			children = (
				4E347CE42430BAE100333C07 /* BaseCollectionCell.swift */,
				4E13DDB52430884300421737 /* CustomBaseView.swift */,
				4E13DDC424308AA400421737 /* CustomSkyTextFieldRightPadding.swift */,
				4E04C881243235BE00D1AD1C /* CustomPaddingTextField.swift */,
				4EEE747A243324AC00FD94BA /* CustomAddMinusView.swift */,
				4E1E529C24335619005E5695 /* CustomSeg.swift */,
			);
			path = CustomBaseViews;
			sourceTree = "<group>";
		};
		4E13DDC624308AC800421737 /* rEGISTRATION */ = {
			isa = PBXGroup;
			children = (
				4E13DDC924308AF700421737 /* Bindable.swift */,
				4E13DDDC24308F0B00421737 /* Login */,
				4E203B012430921B002144FF /* RegisterViewModel.swift */,
			);
			path = rEGISTRATION;
			sourceTree = "<group>";
		};
		4E13DDCD24308B6800421737 /* Constants */ = {
			isa = PBXGroup;
			children = (
				4E13DDCE24308B7800421737 /* ColorConstants.swift */,
				4EEE747C243331E600FD94BA /* UserDefaultsConstants.swift */,
			);
			path = Constants;
			sourceTree = "<group>";
		};
		4E13DDD024308C7B00421737 /* Welcome */ = {
			isa = PBXGroup;
			children = (
				4E13DDAF243087E500421737 /* WelcomeVC.swift */,
				4E13DDB92430889500421737 /* SecondWelcomeVC.swift */,
			);
			path = Welcome;
			sourceTree = "<group>";
		};
		4E13DDD124308C8500421737 /* Login */ = {
			isa = PBXGroup;
			children = (
				4E13DDBD24308A0800421737 /* LoginVC.swift */,
				4E13DDDF24308F5A00421737 /* Forget pass */,
			);
			path = Login;
			sourceTree = "<group>";
		};
		4E13DDD424308CB000421737 /* Welcome */ = {
			isa = PBXGroup;
			children = (
				4E13DDB22430880F00421737 /* CustomWelcomeView.swift */,
				4E13DDBB243088E100421737 /* CustomSecondWelcomeView.swift */,
			);
			path = Welcome;
			sourceTree = "<group>";
		};
		4E13DDD524308CB800421737 /* Login */ = {
			isa = PBXGroup;
			children = (
				4E13DDBF24308A1F00421737 /* CustomLoginsView.swift */,
				4E13DDE224308F9A00421737 /* Forget pass */,
			);
			path = Login;
			sourceTree = "<group>";
		};
		4E13DDDC24308F0B00421737 /* Login */ = {
			isa = PBXGroup;
			children = (
				4E13DDC724308AD300421737 /* LoginViewModel.swift */,
				4E13DDE524308FEC00421737 /* Forget pass */,
			);
			path = Login;
			sourceTree = "<group>";
		};
		4E13DDDF24308F5A00421737 /* Forget pass */ = {
			isa = PBXGroup;
			children = (
				4E13DDD224308C8E00421737 /* ForgetPasswordVC.swift */,
				4E13DDE024308F6300421737 /* VerificationVC.swift */,
				4E13DDE82430903500421737 /* NewPassVC.swift */,
			);
			path = "Forget pass";
			sourceTree = "<group>";
		};
		4E13DDE224308F9A00421737 /* Forget pass */ = {
			isa = PBXGroup;
			children = (
				4E13DDD624308CC700421737 /* CustomMainForgetPassView.swift */,
				4E13DDEA2430905C00421737 /* CustomNewPassView.swift */,
				4E13DDE324308FA700421737 /* CustomVerificationView.swift */,
			);
			path = "Forget pass";
			sourceTree = "<group>";
		};
		4E13DDE524308FEC00421737 /* Forget pass */ = {
			isa = PBXGroup;
			children = (
				4E13DDDD24308F1200421737 /* ForgetPassViewModel.swift */,
				4E13DDE624308FF400421737 /* SMSCodeViewModel.swift */,
				4E13DDEC2430909B00421737 /* NewPassViewModel.swift */,
			);
			path = "Forget pass";
			sourceTree = "<group>";
		};
		4E1E529E2433582B005E5695 /* LAP */ = {
			isa = PBXGroup;
			children = (
				4EBF9E18243B0A1A004F2A1D /* Search */,
				4ED7CEDB243B196B00317342 /* Details */,
				4ED7CEDE243B1CBF00317342 /* Book */,
				4EC3CD522433893E00732D96 /* Order */,
			);
			path = LAP;
			sourceTree = "<group>";
		};
		4E1E529F2433583A005E5695 /* LAP */ = {
			isa = PBXGroup;
			children = (
				4E31D52124336A30001E02B6 /* LAPResultsCell.swift */,
				4E31D52A243370F3001E02B6 /* LAPResultsCelllll.swift */,
				4EC3CD57243389D700732D96 /* AddLAPCell.swift */,
			);
			path = LAP;
			sourceTree = "<group>";
		};
		4E1E52A024335847005E5695 /* LAP+Rediology */ = {
			isa = PBXGroup;
			children = (
				4E31D52024336A11001E02B6 /* Search+Rediology */,
				4E31D52724336E10001E02B6 /* Book */,
				4EC3CD4F2433880C00732D96 /* Order+Rediology */,
			);
			path = "LAP+Rediology";
			sourceTree = "<group>";
		};
		4E1ED394243455A8004F134D /* Tests */ = {
			isa = PBXGroup;
			children = (
				4E6D5BB424307183000FC72D /* ViewController.swift */,
				4E1ED39524345667004F134D /* CustomTestView.swift */,
			);
			path = Tests;
			sourceTree = "<group>";
		};
		4E31D52024336A11001E02B6 /* Search+Rediology */ = {
			isa = PBXGroup;
			children = (
				4EBF9E17243B09DF004F2A1D /* Search With Location */,
			);
			path = "Search+Rediology";
			sourceTree = "<group>";
		};
		4E31D52724336E10001E02B6 /* Book */ = {
			isa = PBXGroup;
			children = (
				4E31D52E243375EB001E02B6 /* LAPBookVC.swift */,
			);
			path = Book;
			sourceTree = "<group>";
		};
		4E347CDC2430B8D200333C07 /* Menu */ = {
			isa = PBXGroup;
			children = (
				4EA8B10D2430E0DF008473D3 /* left menu */,
				4E347CDD2430B8F200333C07 /* HomeMenuVC.swift */,
				4E4F84A92430CBB9005EFC4C /* ServicesVC.swift */,
			);
			path = Menu;
			sourceTree = "<group>";
		};
		4E347CDF2430B96400333C07 /* Menu */ = {
			isa = PBXGroup;
			children = (
				4E347CE02430B96B00333C07 /* CustomMainHomeView.swift */,
				4EA8B11D2430E53B008473D3 /* Left */,
			);
			path = Menu;
			sourceTree = "<group>";
		};
		4E6D5BA624307183000FC72D = {
			isa = PBXGroup;
			children = (
				4E6D5BB124307183000FC72D /* Doctroaak Patient */,
				4E6D5BB024307183000FC72D /* Products */,
				AAB652FCC04191CB86D10EC3 /* Pods */,
				4B1B844BDD4D89AFC0202782 /* Frameworks */,
			);
			sourceTree = "<group>";
		};
		4E6D5BB024307183000FC72D /* Products */ = {
			isa = PBXGroup;
			children = (
				4E6D5BAF24307183000FC72D /* Doctroaak Patient.app */,
			);
			name = Products;
			sourceTree = "<group>";
		};
		4E6D5BB124307183000FC72D /* Doctroaak Patient */ = {
			isa = PBXGroup;
			children = (
				4E6D5BB224307183000FC72D /* AppDelegate.swift */,
				4E13DDCD24308B6800421737 /* Constants */,
				4E6D5BC9243071B9000FC72D /* Services */,
				4E6D5BC7243071A8000FC72D /* View Model */,
				4E6D5BC8243071B1000FC72D /* Model */,
				4E6D5BC6243071A3000FC72D /* View */,
				4E6D5BC42430718F000FC72D /* Controller */,
				4E6D5BCB243071C9000FC72D /* Support Files */,
				4E6D5BCA243071C0000FC72D /* Helpers */,
				4E6D5BB624307183000FC72D /* Main.storyboard */,
				4E6D5BB924307185000FC72D /* Assets.xcassets */,
				4E6D5BBB24307185000FC72D /* LaunchScreen.storyboard */,
			);
			path = "Doctroaak Patient";
			sourceTree = "<group>";
		};
		4E6D5BC42430718F000FC72D /* Controller */ = {
			isa = PBXGroup;
			children = (
				4E13DDAE243087B300421737 /* BaseVCS */,
				4E347CDC2430B8D200333C07 /* Menu */,
				4EFDA7232431D42E0010AA7D /* Doctor + Medical Center */,
				4E04C87A243230CF00D1AD1C /* Pharmacy  */,
				4E1E52A024335847005E5695 /* LAP+Rediology */,
				4ED7126A2432194A00074363 /* Incubation */,
				4ED7125A2432137100074363 /* I.C.U */,
				4E13DDAB2430879200421737 /* Registration */,
				4E1ED394243455A8004F134D /* Tests */,
			);
			path = Controller;
			sourceTree = "<group>";
		};
		4E6D5BC6243071A3000FC72D /* View */ = {
			isa = PBXGroup;
			children = (
				4E13DDB42430883200421737 /* CustomBaseViews */,
				4E13DDAD243087AC00421737 /* Cells */,
				4E13DDAC243087A200421737 /* CustomVC */,
			);
			path = View;
			sourceTree = "<group>";
		};
		4E6D5BC7243071A8000FC72D /* View Model */ = {
			isa = PBXGroup;
			children = (
				4E9964D1243B49D0007689B8 /* I.C.U */,
				4E9964CE243B45CB007689B8 /* Incubation */,
				4EC38C6D2439F9D3005DE994 /* Pharamcy */,
				4ED135B92439A1B3008BE002 /* Doctor */,
				4E0536B62438A06300ECFF0D /* LAP */,
				4E13DDC624308AC800421737 /* rEGISTRATION */,
				4EA8B1202430E6BA008473D3 /* EdirProfileViewModel.swift */,
			);
			path = "View Model";
			sourceTree = "<group>";
		};
		4E6D5BC8243071B1000FC72D /* Model */ = {
			isa = PBXGroup;
			children = (
				4EEE74782433237A00FD94BA /* MedicineModel.swift */,
			);
			path = Model;
			sourceTree = "<group>";
		};
		4E6D5BC9243071B9000FC72D /* Services */ = {
			isa = PBXGroup;
			children = (
			);
			path = Services;
			sourceTree = "<group>";
		};
		4E6D5BCA243071C0000FC72D /* Helpers */ = {
			isa = PBXGroup;
			children = (
				4E6D5BCC243071FA000FC72D /* ExtensionUivew.swift */,
				4E13DDC124308A7600421737 /* Extensions.swift */,
				4E13DDCB24308B2B00421737 /* ExtensionsVCS.swift */,
			);
			path = Helpers;
			sourceTree = "<group>";
		};
		4E6D5BCB243071C9000FC72D /* Support Files */ = {
			isa = PBXGroup;
			children = (
				4E6D5BBE24307185000FC72D /* Info.plist */,
			);
			path = "Support Files";
			sourceTree = "<group>";
		};
		4E93E9A72434A6E7004C44F2 /* Search Results */ = {
			isa = PBXGroup;
			children = (
				4EA0651D2433667300D754AD /* LapSearchResultsVC.swift */,
				4E31D51E24336A02001E02B6 /* LAPResultsCollectionVC.swift */,
				4E93E9A82434A717004C44F2 /* LAPSelectedSearchResultsVC.swift */,
			);
			path = "Search Results";
			sourceTree = "<group>";
		};
		4E9964CE243B45CB007689B8 /* Incubation */ = {
			isa = PBXGroup;
			children = (
				4E9964CF243B45DF007689B8 /* IncubationSearchViewModel.swift */,
			);
			path = Incubation;
			sourceTree = "<group>";
		};
		4E9964D1243B49D0007689B8 /* I.C.U */ = {
			isa = PBXGroup;
			children = (
				4E9964D2243B49E2007689B8 /* ICUViewModel.swift */,
			);
			path = I.C.U;
			sourceTree = "<group>";
		};
		4E9EA369243A0BBC001E5C9A /* Order */ = {
			isa = PBXGroup;
			children = (
				4E006794243307F1004B1C3F /* CustomPharmacyOrderView.swift */,
				4E0067962433110B004B1C3F /* CustomRequestMedicineView.swift */,
			);
			path = Order;
			sourceTree = "<group>";
		};
		4EA8B10D2430E0DF008473D3 /* left menu */ = {
			isa = PBXGroup;
			children = (
				4EA8B10E2430E0EC008473D3 /* HomeLeftMenuVC.swift */,
				4EA8B1102430E0FE008473D3 /* HomeLeftMenuCollcetionVC.swift */,
				4EA8B11A2430E4E5008473D3 /* lists */,
			);
			path = "left menu";
			sourceTree = "<group>";
		};
		4EA8B11A2430E4E5008473D3 /* lists */ = {
			isa = PBXGroup;
			children = (
				4EA8B11B2430E4F8008473D3 /* ProfileVC.swift */,
			);
			path = lists;
			sourceTree = "<group>";
		};
		4EA8B11D2430E53B008473D3 /* Left */ = {
			isa = PBXGroup;
			children = (
				4EA8B1122430E111008473D3 /* CustomMainHomeLeftView.swift */,
				4EA8B11E2430E543008473D3 /* CustomProfileView.swift */,
			);
			path = Left;
			sourceTree = "<group>";
		};
		4EBBCD8124320104005C8DF7 /* Details */ = {
			isa = PBXGroup;
			children = (
				4EBBCD8224320115005C8DF7 /* DeatilsVC.swift */,
				4EBBCD862432015E005C8DF7 /* DoctorSuggestShiftHorizentalVC.swift */,
				4EBBCD882432016F005C8DF7 /* DoctorWorkingDateCollectionVC.swift */,
			);
			path = Details;
			sourceTree = "<group>";
		};
		4EBBCD8A24320182005C8DF7 /* Details */ = {
			isa = PBXGroup;
			children = (
				4EBBCD8B2432018D005C8DF7 /* DoctorWorkingDateCell.swift */,
				4EBBCD8D243201A2005C8DF7 /* DoctorDaysShiftCell.swift */,
			);
			path = Details;
			sourceTree = "<group>";
		};
		4EBBCD9124320305005C8DF7 /* Book */ = {
			isa = PBXGroup;
			children = (
				4EBBCD9224320310005C8DF7 /* DoctorBookVC.swift */,
			);
			path = Book;
			sourceTree = "<group>";
		};
		4EBF9E17243B09DF004F2A1D /* Search With Location */ = {
			isa = PBXGroup;
			children = (
				4E1E52A124335867005E5695 /* LapSearchVC.swift */,
				4E93E9A72434A6E7004C44F2 /* Search Results */,
			);
			path = "Search With Location";
			sourceTree = "<group>";
		};
		4EBF9E18243B0A1A004F2A1D /* Search */ = {
			isa = PBXGroup;
			children = (
				4E1E52A3243358A1005E5695 /* CustomLapSearchView.swift */,
			);
			path = Search;
			sourceTree = "<group>";
		};
		4EC38C6D2439F9D3005DE994 /* Pharamcy */ = {
			isa = PBXGroup;
			children = (
				4EC38C6E2439F9F2005DE994 /* PharamacyLocationViewModel.swift */,
				4EC38C722439FCA0005DE994 /* PharamacyOrderViewModel.swift */,
			);
			path = Pharamcy;
			sourceTree = "<group>";
		};
		4EC38C702439FA85005DE994 /* Location */ = {
			isa = PBXGroup;
			children = (
				4E04C87F2432315300D1AD1C /* CustomPharmacyLocationView.swift */,
			);
			path = Location;
			sourceTree = "<group>";
		};
		4EC38C712439FA9E005DE994 /* Location */ = {
			isa = PBXGroup;
			children = (
				4E04C87B243230F800D1AD1C /* PharmacyLocationVC .swift */,
			);
			path = Location;
			sourceTree = "<group>";
		};
		4EC3CD4F2433880C00732D96 /* Order+Rediology */ = {
			isa = PBXGroup;
			children = (
				4EC3CD4D243387E200732D96 /* LAPOrderVC.swift */,
				4EC3CD532433894F00732D96 /* AddLapCollectionVC.swift */,
			);
			path = "Order+Rediology";
			sourceTree = "<group>";
		};
		4EC3CD522433893E00732D96 /* Order */ = {
			isa = PBXGroup;
			children = (
				4EC3CD502433883600732D96 /* CustomLAPOrderView.swift */,
			);
			path = Order;
			sourceTree = "<group>";
		};
		4ED135B82439A18E008BE002 /* Search */ = {
			isa = PBXGroup;
			children = (
				4EFE85B32431E1CB00E44DD1 /* DoctorSearchVC.swift */,
				4ED135BC2439A77F008BE002 /* ChooseLocationVC.swift */,
			);
			path = Search;
			sourceTree = "<group>";
		};
		4ED135B92439A1B3008BE002 /* Doctor */ = {
			isa = PBXGroup;
			children = (
				4ED135BA2439A1D0008BE002 /* DoctorSearchViewModel.swift */,
				4EA21A122439D84B000F2EB0 /* DoctorBookViewModel.swift */,
			);
			path = Doctor;
			sourceTree = "<group>";
		};
		4ED135BE2439A7AD008BE002 /* Search */ = {
			isa = PBXGroup;
			children = (
				4EFE85B52431E21200E44DD1 /* CustomDoctorSearchView.swift */,
				4ED135BF2439A7B7008BE002 /* CustomChooseUserLocationView.swift */,
			);
			path = Search;
			sourceTree = "<group>";
		};
		4ED7125A2432137100074363 /* I.C.U */ = {
			isa = PBXGroup;
			children = (
				4ED7125B2432139100074363 /* ICUSearchVC.swift */,
				4ED71262243214B700074363 /* Search Results */,
			);
			path = I.C.U;
			sourceTree = "<group>";
		};
		4ED7125D243213BE00074363 /* ICU */ = {
			isa = PBXGroup;
			children = (
				4ED7125E243213C500074363 /* CustomICUSearchView.swift */,
				4ED712682432165A00074363 /* CustomICUResultsView.swift */,
			);
			path = ICU;
			sourceTree = "<group>";
		};
		4ED71262243214B700074363 /* Search Results */ = {
			isa = PBXGroup;
			children = (
				4ED712602432148200074363 /* ICUSearchResultsVC.swift */,
				4ED71263243214D100074363 /* ICUResultsCollectionVC.swift */,
			);
			path = "Search Results";
			sourceTree = "<group>";
		};
		4ED712652432150D00074363 /* ICU */ = {
			isa = PBXGroup;
			children = (
				4ED712662432151300074363 /* ICUResultsCell.swift */,
			);
			path = ICU;
			sourceTree = "<group>";
		};
		4ED7126A2432194A00074363 /* Incubation */ = {
			isa = PBXGroup;
			children = (
				4ED7126D2432197900074363 /* IncubationSearchVC.swift */,
				4ED7127124321B8900074363 /* Search Results */,
			);
			path = Incubation;
			sourceTree = "<group>";
		};
		4ED7126B2432195100074363 /* Incubation */ = {
			isa = PBXGroup;
			children = (
				4ED7126F243219A700074363 /* CustomIncubationSearchView.swift */,
				4ED7127424321BD600074363 /* CustomIncubationResultsView.swift */,
			);
			path = Incubation;
			sourceTree = "<group>";
		};
		4ED7126C2432195600074363 /* Incubation */ = {
			isa = PBXGroup;
			children = (
				4ED7127824321C3100074363 /* IncubationResultsCell.swift */,
			);
			path = Incubation;
			sourceTree = "<group>";
		};
		4ED7127124321B8900074363 /* Search Results */ = {
			isa = PBXGroup;
			children = (
				4ED7127224321BA900074363 /* IncubationSearchResultsVC.swift */,
				4ED7127624321C0B00074363 /* IncubationResultsCollectionVC.swift */,
			);
			path = "Search Results";
			sourceTree = "<group>";
		};
		4ED7CEDB243B196B00317342 /* Details */ = {
			isa = PBXGroup;
			children = (
				4EA0651F243366B700D754AD /* CustomLapResultsView.swift */,
				4E31D52524336CCE001E02B6 /* CustomLAPSelectedSearchView.swift */,
			);
			path = Details;
			sourceTree = "<group>";
		};
		4ED7CEDE243B1CBF00317342 /* Book */ = {
			isa = PBXGroup;
			children = (
				4E31D53024337657001E02B6 /* CustomLAPBookView.swift */,
			);
			path = Book;
			sourceTree = "<group>";
		};
		4EDF1C54243AF22200294DEA /* Order */ = {
			isa = PBXGroup;
			children = (
				4E006792243307C0004B1C3F /* PharmacyOrderVC.swift */,
				4E00679824331315004B1C3F /* AddMedicineCollectionVC.swift */,
			);
			path = Order;
			sourceTree = "<group>";
		};
		4EFDA7232431D42E0010AA7D /* Doctor + Medical Center */ = {
			isa = PBXGroup;
			children = (
				4EFE85B22431E1AF00E44DD1 /* List */,
				4ED135B82439A18E008BE002 /* Search */,
				4EFE85BD2431ED3C00E44DD1 /* Cardiology */,
				4EBBCD9124320305005C8DF7 /* Book */,
				4EBBCD8124320104005C8DF7 /* Details */,
			);
			path = "Doctor + Medical Center";
			sourceTree = "<group>";
		};
		4EFDA7262431D4BC0010AA7D /* Doctor + Medical Center */ = {
			isa = PBXGroup;
			children = (
				4EFDA7292431D5050010AA7D /* CustomDoctorListsView.swift */,
				4ED135BE2439A7AD008BE002 /* Search */,
				4EFE85BE2431ED5D00E44DD1 /* CustomCardiologyView.swift */,
				4EBBCD8424320132005C8DF7 /* CustomDetailsView.swift */,
				4EBBCD9424320330005C8DF7 /* CusomBookView.swift */,
			);
			path = "Doctor + Medical Center";
			sourceTree = "<group>";
		};
		4EFDA72D2431D6790010AA7D /* Doctor + Medical Center */ = {
			isa = PBXGroup;
			children = (
				4EBBCD8A24320182005C8DF7 /* Details */,
				4EFDA72E2431D68D0010AA7D /* DoctorHomeListCell.swift */,
				4EFE85C02431ED8A00E44DD1 /* CardinolgyCell.swift */,
			);
			path = "Doctor + Medical Center";
			sourceTree = "<group>";
		};
		4EFE85B22431E1AF00E44DD1 /* List */ = {
			isa = PBXGroup;
			children = (
				4EFDA7242431D47B0010AA7D /* DoctorListsVC.swift */,
				4EFDA72B2431D5840010AA7D /* DoctorListCollectionVC.swift */,
			);
			path = List;
			sourceTree = "<group>";
		};
		4EFE85BD2431ED3C00E44DD1 /* Cardiology */ = {
			isa = PBXGroup;
			children = (
				4EFE85BA2431ED3200E44DD1 /* CardiologyVC.swift */,
				4EFE85B92431ED3200E44DD1 /* CardiologyCollectionVC.swift */,
			);
			path = Cardiology;
			sourceTree = "<group>";
		};
		AAB652FCC04191CB86D10EC3 /* Pods */ = {
			isa = PBXGroup;
			children = (
				0205F769D8BBEB849C19DF2D /* Pods-Doctroaak Patient.debug.xcconfig */,
				60BA14D456864443CE1D68A0 /* Pods-Doctroaak Patient.release.xcconfig */,
			);
			path = Pods;
			sourceTree = "<group>";
		};
/* End PBXGroup section */

/* Begin PBXNativeTarget section */
		4E6D5BAE24307183000FC72D /* Doctroaak Patient */ = {
			isa = PBXNativeTarget;
			buildConfigurationList = 4E6D5BC124307185000FC72D /* Build configuration list for PBXNativeTarget "Doctroaak Patient" */;
			buildPhases = (
				DE8C4448BA8CAB68284E7C7D /* [CP] Check Pods Manifest.lock */,
				4E6D5BAB24307183000FC72D /* Sources */,
				4E6D5BAC24307183000FC72D /* Frameworks */,
				4E6D5BAD24307183000FC72D /* Resources */,
				0CE01F22287FFF9619DE71E5 /* [CP] Embed Pods Frameworks */,
			);
			buildRules = (
			);
			dependencies = (
			);
			name = "Doctroaak Patient";
			productName = "Doctroaak Patient";
			productReference = 4E6D5BAF24307183000FC72D /* Doctroaak Patient.app */;
			productType = "com.apple.product-type.application";
		};
/* End PBXNativeTarget section */

/* Begin PBXProject section */
		4E6D5BA724307183000FC72D /* Project object */ = {
			isa = PBXProject;
			attributes = {
				LastSwiftUpdateCheck = 1020;
				LastUpgradeCheck = 1020;
				ORGANIZATIONNAME = hosam;
				TargetAttributes = {
					4E6D5BAE24307183000FC72D = {
						CreatedOnToolsVersion = 10.2.1;
						SystemCapabilities = {
							com.apple.Keychain = {
								enabled = 1;
							};
							com.apple.iCloud = {
								enabled = 1;
							};
						};
					};
				};
			};
			buildConfigurationList = 4E6D5BAA24307183000FC72D /* Build configuration list for PBXProject "Doctroaak Patient" */;
			compatibilityVersion = "Xcode 9.3";
			developmentRegion = en;
			hasScannedForEncodings = 0;
			knownRegions = (
				en,
				Base,
			);
			mainGroup = 4E6D5BA624307183000FC72D;
			productRefGroup = 4E6D5BB024307183000FC72D /* Products */;
			projectDirPath = "";
			projectRoot = "";
			targets = (
				4E6D5BAE24307183000FC72D /* Doctroaak Patient */,
			);
		};
/* End PBXProject section */

/* Begin PBXResourcesBuildPhase section */
		4E6D5BAD24307183000FC72D /* Resources */ = {
			isa = PBXResourcesBuildPhase;
			buildActionMask = 2147483647;
			files = (
				4E6D5BBD24307185000FC72D /* LaunchScreen.storyboard in Resources */,
				4E6D5BBA24307185000FC72D /* Assets.xcassets in Resources */,
				4E6D5BB824307183000FC72D /* Main.storyboard in Resources */,
			);
			runOnlyForDeploymentPostprocessing = 0;
		};
/* End PBXResourcesBuildPhase section */

/* Begin PBXShellScriptBuildPhase section */
		0CE01F22287FFF9619DE71E5 /* [CP] Embed Pods Frameworks */ = {
			isa = PBXShellScriptBuildPhase;
			buildActionMask = 2147483647;
			files = (
			);
			inputFileListPaths = (
				"${PODS_ROOT}/Target Support Files/Pods-Doctroaak Patient/Pods-Doctroaak Patient-frameworks-${CONFIGURATION}-input-files.xcfilelist",
			);
			name = "[CP] Embed Pods Frameworks";
			outputFileListPaths = (
				"${PODS_ROOT}/Target Support Files/Pods-Doctroaak Patient/Pods-Doctroaak Patient-frameworks-${CONFIGURATION}-output-files.xcfilelist",
			);
			runOnlyForDeploymentPostprocessing = 0;
			shellPath = /bin/sh;
			shellScript = "\"${PODS_ROOT}/Target Support Files/Pods-Doctroaak Patient/Pods-Doctroaak Patient-frameworks.sh\"\n";
			showEnvVarsInLog = 0;
		};
		DE8C4448BA8CAB68284E7C7D /* [CP] Check Pods Manifest.lock */ = {
			isa = PBXShellScriptBuildPhase;
			buildActionMask = 2147483647;
			files = (
			);
			inputFileListPaths = (
			);
			inputPaths = (
				"${PODS_PODFILE_DIR_PATH}/Podfile.lock",
				"${PODS_ROOT}/Manifest.lock",
			);
			name = "[CP] Check Pods Manifest.lock";
			outputFileListPaths = (
			);
			outputPaths = (
				"$(DERIVED_FILE_DIR)/Pods-Doctroaak Patient-checkManifestLockResult.txt",
			);
			runOnlyForDeploymentPostprocessing = 0;
			shellPath = /bin/sh;
			shellScript = "diff \"${PODS_PODFILE_DIR_PATH}/Podfile.lock\" \"${PODS_ROOT}/Manifest.lock\" > /dev/null\nif [ $? != 0 ] ; then\n    # print error to STDERR\n    echo \"error: The sandbox is not in sync with the Podfile.lock. Run 'pod install' or update your CocoaPods installation.\" >&2\n    exit 1\nfi\n# This output is used by Xcode 'outputs' to avoid re-running this script phase.\necho \"SUCCESS\" > \"${SCRIPT_OUTPUT_FILE_0}\"\n";
			showEnvVarsInLog = 0;
		};
/* End PBXShellScriptBuildPhase section */

/* Begin PBXSourcesBuildPhase section */
		4E6D5BAB24307183000FC72D /* Sources */ = {
			isa = PBXSourcesBuildPhase;
			buildActionMask = 2147483647;
			files = (
				4ED7126E2432197900074363 /* IncubationSearchVC.swift in Sources */,
				4E13DDB62430884300421737 /* CustomBaseView.swift in Sources */,
				4ED7125F243213C500074363 /* CustomICUSearchView.swift in Sources */,
				4EEE74792433237A00FD94BA /* MedicineModel.swift in Sources */,
				4E13DDBA2430889500421737 /* SecondWelcomeVC.swift in Sources */,
				4ED7127924321C3100074363 /* IncubationResultsCell.swift in Sources */,
				4E9964D3243B49E2007689B8 /* ICUViewModel.swift in Sources */,
				4E347CE12430B96B00333C07 /* CustomMainHomeView.swift in Sources */,
				4EBBCD9524320330005C8DF7 /* CusomBookView.swift in Sources */,
				4E93E9A92434A717004C44F2 /* LAPSelectedSearchResultsVC.swift in Sources */,
				4E00679B243313F8004B1C3F /* AddMedicineCell.swift in Sources */,
				4E13DDED2430909B00421737 /* NewPassViewModel.swift in Sources */,
				4E31D52624336CCE001E02B6 /* CustomLAPSelectedSearchView.swift in Sources */,
				4E006795243307F1004B1C3F /* CustomPharmacyOrderView.swift in Sources */,
				4E13DDCF24308B7800421737 /* ColorConstants.swift in Sources */,
				4E31D52B243370F3001E02B6 /* LAPResultsCelllll.swift in Sources */,
				4ED7127524321BD600074363 /* CustomIncubationResultsView.swift in Sources */,
				4EA8B1112430E0FE008473D3 /* HomeLeftMenuCollcetionVC.swift in Sources */,
				4EC38C732439FCA0005DE994 /* PharamacyOrderViewModel.swift in Sources */,
				4EA06520243366B700D754AD /* CustomLapResultsView.swift in Sources */,
				4E6D5BB524307183000FC72D /* ViewController.swift in Sources */,
				4E6D5BB324307183000FC72D /* AppDelegate.swift in Sources */,
				4EFDA72A2431D5050010AA7D /* CustomDoctorListsView.swift in Sources */,
				4E006793243307C0004B1C3F /* PharmacyOrderVC.swift in Sources */,
				4ED712612432148200074363 /* ICUSearchResultsVC.swift in Sources */,
				4E4F84AC2430CBEF005EFC4C /* CustomMainServicesView.swift in Sources */,
				4E13DDBE24308A0800421737 /* LoginVC.swift in Sources */,
				4EA8B1212430E6BA008473D3 /* EdirProfileViewModel.swift in Sources */,
				4E0536B82438A08A00ECFF0D /* LAPBookViewModel.swift in Sources */,
				4E1E52A224335867005E5695 /* LapSearchVC.swift in Sources */,
				4E04C882243235BE00D1AD1C /* CustomPaddingTextField.swift in Sources */,
				4EA8B10F2430E0EC008473D3 /* HomeLeftMenuVC.swift in Sources */,
				4E31D51F24336A02001E02B6 /* LAPResultsCollectionVC.swift in Sources */,
				4E13DDDE24308F1200421737 /* ForgetPassViewModel.swift in Sources */,
				4EC3CD542433894F00732D96 /* AddLapCollectionVC.swift in Sources */,
				4E13DDD724308CC700421737 /* CustomMainForgetPassView.swift in Sources */,
				4EEE747B243324AC00FD94BA /* CustomAddMinusView.swift in Sources */,
				4EC3CD58243389D700732D96 /* AddLAPCell.swift in Sources */,
				4EFDA7252431D47B0010AA7D /* DoctorListsVC.swift in Sources */,
				4E1E52A4243358A1005E5695 /* CustomLapSearchView.swift in Sources */,
				4E13DDCA24308AF700421737 /* Bindable.swift in Sources */,
				4E9964D0243B45DF007689B8 /* IncubationSearchViewModel.swift in Sources */,
				4EC3CD512433883600732D96 /* CustomLAPOrderView.swift in Sources */,
				4E347CDE2430B8F200333C07 /* HomeMenuVC.swift in Sources */,
				4ED71264243214D100074363 /* ICUResultsCollectionVC.swift in Sources */,
				4EA0651E2433667300D754AD /* LapSearchResultsVC.swift in Sources */,
				4ED135BB2439A1D0008BE002 /* DoctorSearchViewModel.swift in Sources */,
				4EA8B11F2430E543008473D3 /* CustomProfileView.swift in Sources */,
				4EA8B1192430E373008473D3 /* BaseSlidingVC.swift in Sources */,
				4E203B00243091BA002144FF /* CustomRegisterView.swift in Sources */,
				4E13DDC024308A1F00421737 /* CustomLoginsView.swift in Sources */,
				4EBBCD8E243201A2005C8DF7 /* DoctorDaysShiftCell.swift in Sources */,
				4E31D52F243375EB001E02B6 /* LAPBookVC.swift in Sources */,
				4ED71270243219A700074363 /* CustomIncubationSearchView.swift in Sources */,
				4EBBCD8524320132005C8DF7 /* CustomDetailsView.swift in Sources */,
				4EFE85B42431E1CB00E44DD1 /* DoctorSearchVC.swift in Sources */,
				4E13DDC824308AD300421737 /* LoginViewModel.swift in Sources */,
				4E1E529D24335619005E5695 /* CustomSeg.swift in Sources */,
				4E6D5BCD243071FA000FC72D /* ExtensionUivew.swift in Sources */,
				4E4F84AA2430CBB9005EFC4C /* ServicesVC.swift in Sources */,
				4EBBCD8324320115005C8DF7 /* DeatilsVC.swift in Sources */,
				4EBBCD872432015E005C8DF7 /* DoctorSuggestShiftHorizentalVC.swift in Sources */,
				4EBBCD8C2432018D005C8DF7 /* DoctorWorkingDateCell.swift in Sources */,
				4E13DDE92430903500421737 /* NewPassVC.swift in Sources */,
				4E13DDD324308C8E00421737 /* ForgetPasswordVC.swift in Sources */,
				4E203AFE2430919A002144FF /* RegisterVC.swift in Sources */,
				4EFE85C12431ED8A00E44DD1 /* CardinolgyCell.swift in Sources */,
				4E13DDC224308A7600421737 /* Extensions.swift in Sources */,
				4E13DDCC24308B2B00421737 /* ExtensionsVCS.swift in Sources */,
				4E13DDE724308FF400421737 /* SMSCodeViewModel.swift in Sources */,
				4E31D52224336A30001E02B6 /* LAPResultsCell.swift in Sources */,
				4EA8B1132430E111008473D3 /* CustomMainHomeLeftView.swift in Sources */,
				4E13DDC524308AA400421737 /* CustomSkyTextFieldRightPadding.swift in Sources */,
				4ED7127324321BA900074363 /* IncubationSearchResultsVC.swift in Sources */,
				4E13DDB82430886100421737 /* CustomBaseViewVC.swift in Sources */,
				4ED135BD2439A77F008BE002 /* ChooseLocationVC.swift in Sources */,
				4EA8B11C2430E4F8008473D3 /* ProfileVC.swift in Sources */,
				4ED712692432165A00074363 /* CustomICUResultsView.swift in Sources */,
				4EFE85B62431E21200E44DD1 /* CustomDoctorSearchView.swift in Sources */,
				4E00679924331315004B1C3F /* AddMedicineCollectionVC.swift in Sources */,
				4EFDA72F2431D68D0010AA7D /* DoctorHomeListCell.swift in Sources */,
				4EFE85BB2431ED3300E44DD1 /* CardiologyCollectionVC.swift in Sources */,
				4EFE85BC2431ED3300E44DD1 /* CardiologyVC.swift in Sources */,
				4EC38C6F2439F9F2005DE994 /* PharamacyLocationViewModel.swift in Sources */,
				4E13DDBC243088E100421737 /* CustomSecondWelcomeView.swift in Sources */,
				4E13DDE124308F6300421737 /* VerificationVC.swift in Sources */,
				4E13DDEB2430905C00421737 /* CustomNewPassView.swift in Sources */,
				4E13DDB0243087E500421737 /* WelcomeVC.swift in Sources */,
				4EBF9E16243B04B4004F2A1D /* LAPSearchViewModel.swift in Sources */,
				4E347CE52430BAE100333C07 /* BaseCollectionCell.swift in Sources */,
				4EA21A132439D84B000F2EB0 /* DoctorBookViewModel.swift in Sources */,
				4EC3CD4E243387E200732D96 /* LAPOrderVC.swift in Sources */,
				4E04C87C243230F800D1AD1C /* PharmacyLocationVC .swift in Sources */,
				4E203B022430921B002144FF /* RegisterViewModel.swift in Sources */,
				4EA8B1152430E1CA008473D3 /* BaseCollectionVC.swift in Sources */,
				4EFE85BF2431ED5D00E44DD1 /* CustomCardiologyView.swift in Sources */,
				4ED135C02439A7B7008BE002 /* CustomChooseUserLocationView.swift in Sources */,
				4E1ED39624345667004F134D /* CustomTestView.swift in Sources */,
				4E31D53124337657001E02B6 /* CustomLAPBookView.swift in Sources */,
				4E13DDE424308FA700421737 /* CustomVerificationView.swift in Sources */,
				4EBBCD892432016F005C8DF7 /* DoctorWorkingDateCollectionVC.swift in Sources */,
				4ED7127724321C0B00074363 /* IncubationResultsCollectionVC.swift in Sources */,
				4E0067972433110B004B1C3F /* CustomRequestMedicineView.swift in Sources */,
				4E13DDB32430880F00421737 /* CustomWelcomeView.swift in Sources */,
				4ED7CEDD243B1C5200317342 /* LAPOrderViewModel.swift in Sources */,
				4EEE747D243331E600FD94BA /* UserDefaultsConstants.swift in Sources */,
				4EBBCD9324320310005C8DF7 /* DoctorBookVC.swift in Sources */,
				4EFDA72C2431D5840010AA7D /* DoctorListCollectionVC.swift in Sources */,
				4ED7125C2432139100074363 /* ICUSearchVC.swift in Sources */,
				4EA8B1172430E20D008473D3 /* MainLeftMenuCell.swift in Sources */,
				4ED712672432151300074363 /* ICUResultsCell.swift in Sources */,
				4E04C8802432315300D1AD1C /* CustomPharmacyLocationView.swift in Sources */,
				4E347CE32430BAB200333C07 /* BaseAdsCell.swift in Sources */,
			);
			runOnlyForDeploymentPostprocessing = 0;
		};
/* End PBXSourcesBuildPhase section */

/* Begin PBXVariantGroup section */
		4E6D5BB624307183000FC72D /* Main.storyboard */ = {
			isa = PBXVariantGroup;
			children = (
				4E6D5BB724307183000FC72D /* Base */,
			);
			name = Main.storyboard;
			sourceTree = "<group>";
		};
		4E6D5BBB24307185000FC72D /* LaunchScreen.storyboard */ = {
			isa = PBXVariantGroup;
			children = (
				4E6D5BBC24307185000FC72D /* Base */,
			);
			name = LaunchScreen.storyboard;
			sourceTree = "<group>";
		};
/* End PBXVariantGroup section */

/* Begin XCBuildConfiguration section */
		4E6D5BBF24307185000FC72D /* Debug */ = {
			isa = XCBuildConfiguration;
			buildSettings = {
				ALWAYS_SEARCH_USER_PATHS = NO;
				CLANG_ANALYZER_NONNULL = YES;
				CLANG_ANALYZER_NUMBER_OBJECT_CONVERSION = YES_AGGRESSIVE;
				CLANG_CXX_LANGUAGE_STANDARD = "gnu++14";
				CLANG_CXX_LIBRARY = "libc++";
				CLANG_ENABLE_MODULES = YES;
				CLANG_ENABLE_OBJC_ARC = YES;
				CLANG_ENABLE_OBJC_WEAK = YES;
				CLANG_WARN_BLOCK_CAPTURE_AUTORELEASING = YES;
				CLANG_WARN_BOOL_CONVERSION = YES;
				CLANG_WARN_COMMA = YES;
				CLANG_WARN_CONSTANT_CONVERSION = YES;
				CLANG_WARN_DEPRECATED_OBJC_IMPLEMENTATIONS = YES;
				CLANG_WARN_DIRECT_OBJC_ISA_USAGE = YES_ERROR;
				CLANG_WARN_DOCUMENTATION_COMMENTS = YES;
				CLANG_WARN_EMPTY_BODY = YES;
				CLANG_WARN_ENUM_CONVERSION = YES;
				CLANG_WARN_INFINITE_RECURSION = YES;
				CLANG_WARN_INT_CONVERSION = YES;
				CLANG_WARN_NON_LITERAL_NULL_CONVERSION = YES;
				CLANG_WARN_OBJC_IMPLICIT_RETAIN_SELF = YES;
				CLANG_WARN_OBJC_LITERAL_CONVERSION = YES;
				CLANG_WARN_OBJC_ROOT_CLASS = YES_ERROR;
				CLANG_WARN_RANGE_LOOP_ANALYSIS = YES;
				CLANG_WARN_STRICT_PROTOTYPES = YES;
				CLANG_WARN_SUSPICIOUS_MOVE = YES;
				CLANG_WARN_UNGUARDED_AVAILABILITY = YES_AGGRESSIVE;
				CLANG_WARN_UNREACHABLE_CODE = YES;
				CLANG_WARN__DUPLICATE_METHOD_MATCH = YES;
				CODE_SIGN_IDENTITY = "iPhone Developer";
				COPY_PHASE_STRIP = NO;
				DEBUG_INFORMATION_FORMAT = dwarf;
				ENABLE_STRICT_OBJC_MSGSEND = YES;
				ENABLE_TESTABILITY = YES;
				GCC_C_LANGUAGE_STANDARD = gnu11;
				GCC_DYNAMIC_NO_PIC = NO;
				GCC_NO_COMMON_BLOCKS = YES;
				GCC_OPTIMIZATION_LEVEL = 0;
				GCC_PREPROCESSOR_DEFINITIONS = (
					"DEBUG=1",
					"$(inherited)",
				);
				GCC_WARN_64_TO_32_BIT_CONVERSION = YES;
				GCC_WARN_ABOUT_RETURN_TYPE = YES_ERROR;
				GCC_WARN_UNDECLARED_SELECTOR = YES;
				GCC_WARN_UNINITIALIZED_AUTOS = YES_AGGRESSIVE;
				GCC_WARN_UNUSED_FUNCTION = YES;
				GCC_WARN_UNUSED_VARIABLE = YES;
				IPHONEOS_DEPLOYMENT_TARGET = 13.0;
				MTL_ENABLE_DEBUG_INFO = INCLUDE_SOURCE;
				MTL_FAST_MATH = YES;
				ONLY_ACTIVE_ARCH = YES;
				SDKROOT = iphoneos;
				SWIFT_ACTIVE_COMPILATION_CONDITIONS = DEBUG;
				SWIFT_OPTIMIZATION_LEVEL = "-Onone";
			};
			name = Debug;
		};
		4E6D5BC024307185000FC72D /* Release */ = {
			isa = XCBuildConfiguration;
			buildSettings = {
				ALWAYS_SEARCH_USER_PATHS = NO;
				CLANG_ANALYZER_NONNULL = YES;
				CLANG_ANALYZER_NUMBER_OBJECT_CONVERSION = YES_AGGRESSIVE;
				CLANG_CXX_LANGUAGE_STANDARD = "gnu++14";
				CLANG_CXX_LIBRARY = "libc++";
				CLANG_ENABLE_MODULES = YES;
				CLANG_ENABLE_OBJC_ARC = YES;
				CLANG_ENABLE_OBJC_WEAK = YES;
				CLANG_WARN_BLOCK_CAPTURE_AUTORELEASING = YES;
				CLANG_WARN_BOOL_CONVERSION = YES;
				CLANG_WARN_COMMA = YES;
				CLANG_WARN_CONSTANT_CONVERSION = YES;
				CLANG_WARN_DEPRECATED_OBJC_IMPLEMENTATIONS = YES;
				CLANG_WARN_DIRECT_OBJC_ISA_USAGE = YES_ERROR;
				CLANG_WARN_DOCUMENTATION_COMMENTS = YES;
				CLANG_WARN_EMPTY_BODY = YES;
				CLANG_WARN_ENUM_CONVERSION = YES;
				CLANG_WARN_INFINITE_RECURSION = YES;
				CLANG_WARN_INT_CONVERSION = YES;
				CLANG_WARN_NON_LITERAL_NULL_CONVERSION = YES;
				CLANG_WARN_OBJC_IMPLICIT_RETAIN_SELF = YES;
				CLANG_WARN_OBJC_LITERAL_CONVERSION = YES;
				CLANG_WARN_OBJC_ROOT_CLASS = YES_ERROR;
				CLANG_WARN_RANGE_LOOP_ANALYSIS = YES;
				CLANG_WARN_STRICT_PROTOTYPES = YES;
				CLANG_WARN_SUSPICIOUS_MOVE = YES;
				CLANG_WARN_UNGUARDED_AVAILABILITY = YES_AGGRESSIVE;
				CLANG_WARN_UNREACHABLE_CODE = YES;
				CLANG_WARN__DUPLICATE_METHOD_MATCH = YES;
				CODE_SIGN_IDENTITY = "iPhone Developer";
				COPY_PHASE_STRIP = NO;
				DEBUG_INFORMATION_FORMAT = "dwarf-with-dsym";
				ENABLE_NS_ASSERTIONS = NO;
				ENABLE_STRICT_OBJC_MSGSEND = YES;
				GCC_C_LANGUAGE_STANDARD = gnu11;
				GCC_NO_COMMON_BLOCKS = YES;
				GCC_WARN_64_TO_32_BIT_CONVERSION = YES;
				GCC_WARN_ABOUT_RETURN_TYPE = YES_ERROR;
				GCC_WARN_UNDECLARED_SELECTOR = YES;
				GCC_WARN_UNINITIALIZED_AUTOS = YES_AGGRESSIVE;
				GCC_WARN_UNUSED_FUNCTION = YES;
				GCC_WARN_UNUSED_VARIABLE = YES;
				IPHONEOS_DEPLOYMENT_TARGET = 13.0;
				MTL_ENABLE_DEBUG_INFO = NO;
				MTL_FAST_MATH = YES;
				SDKROOT = iphoneos;
				SWIFT_COMPILATION_MODE = wholemodule;
				SWIFT_OPTIMIZATION_LEVEL = "-O";
				VALIDATE_PRODUCT = YES;
			};
			name = Release;
		};
		4E6D5BC224307185000FC72D /* Debug */ = {
			isa = XCBuildConfiguration;
			baseConfigurationReference = 0205F769D8BBEB849C19DF2D /* Pods-Doctroaak Patient.debug.xcconfig */;
			buildSettings = {
				ASSETCATALOG_COMPILER_APPICON_NAME = AppIcon;
				CODE_SIGN_ENTITLEMENTS = "";
				CODE_SIGN_STYLE = Automatic;
				DEVELOPMENT_TEAM = 5RTZJMVRS2;
				INFOPLIST_FILE = "$(SRCROOT)/Doctroaak Patient/Support Files/Info.plist";
				LD_RUNPATH_SEARCH_PATHS = (
					"$(inherited)",
					"@executable_path/Frameworks",
				);
				PRODUCT_BUNDLE_IDENTIFIER = "com.hosam.net.Doctroaak-Patient";
				PRODUCT_NAME = "$(TARGET_NAME)";
				SWIFT_VERSION = 5.0;
				TARGETED_DEVICE_FAMILY = "1,2";
			};
			name = Debug;
		};
		4E6D5BC324307185000FC72D /* Release */ = {
			isa = XCBuildConfiguration;
			baseConfigurationReference = 60BA14D456864443CE1D68A0 /* Pods-Doctroaak Patient.release.xcconfig */;
			buildSettings = {
				ASSETCATALOG_COMPILER_APPICON_NAME = AppIcon;
				CODE_SIGN_ENTITLEMENTS = "";
				CODE_SIGN_IDENTITY = "Apple Development";
				CODE_SIGN_STYLE = Automatic;
				DEVELOPMENT_TEAM = 5RTZJMVRS2;
				INFOPLIST_FILE = "$(SRCROOT)/Doctroaak Patient/Support Files/Info.plist";
				LD_RUNPATH_SEARCH_PATHS = (
					"$(inherited)",
					"@executable_path/Frameworks",
				);
				PRODUCT_BUNDLE_IDENTIFIER = "com.hosam.net.Doctroaak-Patient";
				PRODUCT_NAME = "$(TARGET_NAME)";
				PROVISIONING_PROFILE_SPECIFIER = "";
				SWIFT_VERSION = 5.0;
				TARGETED_DEVICE_FAMILY = "1,2";
			};
			name = Release;
		};
/* End XCBuildConfiguration section */

/* Begin XCConfigurationList section */
		4E6D5BAA24307183000FC72D /* Build configuration list for PBXProject "Doctroaak Patient" */ = {
			isa = XCConfigurationList;
			buildConfigurations = (
				4E6D5BBF24307185000FC72D /* Debug */,
				4E6D5BC024307185000FC72D /* Release */,
			);
			defaultConfigurationIsVisible = 0;
			defaultConfigurationName = Release;
		};
		4E6D5BC124307185000FC72D /* Build configuration list for PBXNativeTarget "Doctroaak Patient" */ = {
			isa = XCConfigurationList;
			buildConfigurations = (
				4E6D5BC224307185000FC72D /* Debug */,
				4E6D5BC324307185000FC72D /* Release */,
			);
			defaultConfigurationIsVisible = 0;
			defaultConfigurationName = Release;
		};
/* End XCConfigurationList section */
	};
	rootObject = 4E6D5BA724307183000FC72D /* Project object */;
}
